// !$*UTF8*$!
{
	archiveVersion = 1;
	classes = {
	};
	objectVersion = 46;
	objects = {

/* Begin PBXBuildFile section */
		4A0441CD1C89A397005E23D9 /* RepeatModeCell.m in Sources */ = {isa = PBXBuildFile; fileRef = 4A0441CC1C89A397005E23D9 /* RepeatModeCell.m */; };
		4A0441D01C89A82F005E23D9 /* RepeateModeChooseVC.m in Sources */ = {isa = PBXBuildFile; fileRef = 4A0441CF1C89A82F005E23D9 /* RepeateModeChooseVC.m */; };
		4A0441D31C89AAA3005E23D9 /* RepeatModeChooseCell.m in Sources */ = {isa = PBXBuildFile; fileRef = 4A0441D21C89AAA3005E23D9 /* RepeatModeChooseCell.m */; };
		4A1290861C5DD4E6006E078B /* WeekCollectionView.m in Sources */ = {isa = PBXBuildFile; fileRef = 4A1290831C5DD4E6006E078B /* WeekCollectionView.m */; };
		4A1290871C5DD4E6006E078B /* WeekCollectionViewCell.m in Sources */ = {isa = PBXBuildFile; fileRef = 4A1290851C5DD4E6006E078B /* WeekCollectionViewCell.m */; };
		4A12908F1C5DD4FF006E078B /* TodoCollectionView.m in Sources */ = {isa = PBXBuildFile; fileRef = 4A12908A1C5DD4FF006E078B /* TodoCollectionView.m */; };
		4A1290901C5DD4FF006E078B /* TodoCollectionViewCell.m in Sources */ = {isa = PBXBuildFile; fileRef = 4A12908C1C5DD4FF006E078B /* TodoCollectionViewCell.m */; };
		4A1290911C5DD4FF006E078B /* TodoTableViewCell.m in Sources */ = {isa = PBXBuildFile; fileRef = 4A12908E1C5DD4FF006E078B /* TodoTableViewCell.m */; };
		4A12909A1C5E181F006E078B /* libz.tbd in Frameworks */ = {isa = PBXBuildFile; fileRef = 4A1290991C5E181F006E078B /* libz.tbd */; };
		4A2199501CB56DD900E37719 /* GetProjectAPI.m in Sources */ = {isa = PBXBuildFile; fileRef = 4A21994F1CB56DD900E37719 /* GetProjectAPI.m */; };
		4A2199531CB572B700E37719 /* CreateTodoAPI.m in Sources */ = {isa = PBXBuildFile; fileRef = 4A2199521CB572B700E37719 /* CreateTodoAPI.m */; };
		4A2199561CB577DF00E37719 /* UpdateTodoAPI.m in Sources */ = {isa = PBXBuildFile; fileRef = 4A2199551CB577DF00E37719 /* UpdateTodoAPI.m */; };
		4A2199591CB579E700E37719 /* deleteTodoAPI.m in Sources */ = {isa = PBXBuildFile; fileRef = 4A2199581CB579E700E37719 /* deleteTodoAPI.m */; };
		4A24F3361CB84B1800234374 /* PopoverView.m in Sources */ = {isa = PBXBuildFile; fileRef = 4A24F3351CB84B1800234374 /* PopoverView.m */; };
		4A24F3391CB9CB4E00234374 /* SearchUserAPI.m in Sources */ = {isa = PBXBuildFile; fileRef = 4A24F3381CB9CB4E00234374 /* SearchUserAPI.m */; };
		4A24F33C1CB9CBF800234374 /* BaseModel.m in Sources */ = {isa = PBXBuildFile; fileRef = 4A24F33B1CB9CBF800234374 /* BaseModel.m */; };
		4A24F35B1CBAC0B600234374 /* ProjectCell.m in Sources */ = {isa = PBXBuildFile; fileRef = 4A24F35A1CBAC0B600234374 /* ProjectCell.m */; };
		4A24F36A1CBAE47200234374 /* ChooseTypeColorVC.m in Sources */ = {isa = PBXBuildFile; fileRef = 4A24F3671CBAE47200234374 /* ChooseTypeColorVC.m */; };
		4A24F36B1CBAE47200234374 /* TypeColor.m in Sources */ = {isa = PBXBuildFile; fileRef = 4A24F3691CBAE47200234374 /* TypeColor.m */; };
		4A24F36E1CBAE48900234374 /* AddProjectFooterView.m in Sources */ = {isa = PBXBuildFile; fileRef = 4A24F36D1CBAE48900234374 /* AddProjectFooterView.m */; };
		4A24F3711CBAE56600234374 /* CreateProjectAPI.m in Sources */ = {isa = PBXBuildFile; fileRef = 4A24F3701CBAE56600234374 /* CreateProjectAPI.m */; };
		4A24F3741CBAF1B300234374 /* AddNewProjectVC.m in Sources */ = {isa = PBXBuildFile; fileRef = 4A24F3731CBAF1B300234374 /* AddNewProjectVC.m */; };
		4A24F3771CBAFA1000234374 /* SearchUserModel.m in Sources */ = {isa = PBXBuildFile; fileRef = 4A24F3761CBAFA1000234374 /* SearchUserModel.m */; };
		4A24F37A1CBAFA4200234374 /* GetProjectModel.m in Sources */ = {isa = PBXBuildFile; fileRef = 4A24F3791CBAFA4200234374 /* GetProjectModel.m */; };
		4A24F37D1CBAFA6700234374 /* LoginTokenModel.m in Sources */ = {isa = PBXBuildFile; fileRef = 4A24F37C1CBAFA6700234374 /* LoginTokenModel.m */; };
		4A24F3801CBB047C00234374 /* ChoosePrivateTypeVC.m in Sources */ = {isa = PBXBuildFile; fileRef = 4A24F37F1CBB047C00234374 /* ChoosePrivateTypeVC.m */; };
		4A24F3831CBBBAEF00234374 /* CreateProjectModel.m in Sources */ = {isa = PBXBuildFile; fileRef = 4A24F3821CBBBAEF00234374 /* CreateProjectModel.m */; };
		4A3EE6CE1CB51A3100AFC8A4 /* UserModel.m in Sources */ = {isa = PBXBuildFile; fileRef = 4A3EE6CD1CB51A3100AFC8A4 /* UserModel.m */; };
		4A3EE6D11CB51BF600AFC8A4 /* ProjectModel.m in Sources */ = {isa = PBXBuildFile; fileRef = 4A3EE6D01CB51BF600AFC8A4 /* ProjectModel.m */; };
		4A3EE6D41CB51DB300AFC8A4 /* MissionModel.m in Sources */ = {isa = PBXBuildFile; fileRef = 4A3EE6D31CB51DB300AFC8A4 /* MissionModel.m */; };
		4A3EE6D71CB5207100AFC8A4 /* TodoModel.m in Sources */ = {isa = PBXBuildFile; fileRef = 4A3EE6D61CB5207100AFC8A4 /* TodoModel.m */; };
		4A3FB5B01C7B78CD00C0E6B7 /* AlbumAddBtn@2x.png in Resources */ = {isa = PBXBuildFile; fileRef = 4A3FB5AF1C7B78CD00C0E6B7 /* AlbumAddBtn@2x.png */; };
		4A43AC351C3631A900347E3C /* libc++.tbd in Frameworks */ = {isa = PBXBuildFile; fileRef = 4A43AC341C3631A900347E3C /* libc++.tbd */; };
		4A4F9CBD1C3F3E280000F24C /* RDVCalendarDayCell.m in Sources */ = {isa = PBXBuildFile; fileRef = 4A4F9CB61C3F3E280000F24C /* RDVCalendarDayCell.m */; };
		4A4F9CBE1C3F3E280000F24C /* RDVCalendarView.m in Sources */ = {isa = PBXBuildFile; fileRef = 4A4F9CB81C3F3E280000F24C /* RDVCalendarView.m */; };
		4A4F9CC41C3F3ECE0000F24C /* CalendarTodoDetailVC.m in Sources */ = {isa = PBXBuildFile; fileRef = 4A4F9CC31C3F3ECE0000F24C /* CalendarTodoDetailVC.m */; };
		4A4F9CC71C3F3EEA0000F24C /* CalendarVC.m in Sources */ = {isa = PBXBuildFile; fileRef = 4A4F9CC61C3F3EEA0000F24C /* CalendarVC.m */; };
		4A84C8741C43DF3F00F83C5B /* NSObject+NYExtends.m in Sources */ = {isa = PBXBuildFile; fileRef = 4A84C8731C43DF3F00F83C5B /* NSObject+NYExtends.m */; };
		4A88CB211C2B925F001C13D8 /* main.m in Sources */ = {isa = PBXBuildFile; fileRef = 4A88CB201C2B925F001C13D8 /* main.m */; };
		4A88CB241C2B925F001C13D8 /* AppDelegate.m in Sources */ = {isa = PBXBuildFile; fileRef = 4A88CB231C2B925F001C13D8 /* AppDelegate.m */; };
		4A88CB2C1C2B925F001C13D8 /* Assets.xcassets in Resources */ = {isa = PBXBuildFile; fileRef = 4A88CB2B1C2B925F001C13D8 /* Assets.xcassets */; };
		4A95AA111C71702F00DFB118 /* DeleteTodoCell.m in Sources */ = {isa = PBXBuildFile; fileRef = 4A95AA101C71702F00DFB118 /* DeleteTodoCell.m */; };
		4A9FC1BC1C699FAE00A1D888 /* TodoContentView.m in Sources */ = {isa = PBXBuildFile; fileRef = 4A9FC1B71C699FAE00A1D888 /* TodoContentView.m */; };
		4A9FC1BD1C699FAE00A1D888 /* TodoDetailVC.m in Sources */ = {isa = PBXBuildFile; fileRef = 4A9FC1B91C699FAE00A1D888 /* TodoDetailVC.m */; };
		4A9FC1BE1C699FAE00A1D888 /* TodoProjectView.m in Sources */ = {isa = PBXBuildFile; fileRef = 4A9FC1BB1C699FAE00A1D888 /* TodoProjectView.m */; };
		4A9FC1C11C69A30E00A1D888 /* DatePickerCell.m in Sources */ = {isa = PBXBuildFile; fileRef = 4A9FC1C01C69A30E00A1D888 /* DatePickerCell.m */; };
		4AA393501C58AC2E00DA3C16 /* BaseNavigationController.m in Sources */ = {isa = PBXBuildFile; fileRef = 4AA3934D1C58AC2E00DA3C16 /* BaseNavigationController.m */; };
		4AA393511C58AC2E00DA3C16 /* MainTabBarVC.m in Sources */ = {isa = PBXBuildFile; fileRef = 4AA3934F1C58AC2E00DA3C16 /* MainTabBarVC.m */; };
		4AA393541C58AC6D00DA3C16 /* DBManage.m in Sources */ = {isa = PBXBuildFile; fileRef = 4AA393531C58AC6D00DA3C16 /* DBManage.m */; };
		4AB09F061C62E396006EB837 /* ChooseProjectVC.m in Sources */ = {isa = PBXBuildFile; fileRef = 4AB09F051C62E396006EB837 /* ChooseProjectVC.m */; };
		4AB09F091C62E86C006EB837 /* ChooseProjectTableCell.m in Sources */ = {isa = PBXBuildFile; fileRef = 4AB09F081C62E86C006EB837 /* ChooseProjectTableCell.m */; };
		4ABB60901C7CE3C60040079C /* ZoomImageView.m in Sources */ = {isa = PBXBuildFile; fileRef = 4ABB608F1C7CE3C60040079C /* ZoomImageView.m */; };
		4AD3DD1B1CAF409200D5FDC4 /* LogInAPI.m in Sources */ = {isa = PBXBuildFile; fileRef = 4AD3DD181CAF409200D5FDC4 /* LogInAPI.m */; };
		4AD3DD1C1CAF409200D5FDC4 /* RegistAPI.m in Sources */ = {isa = PBXBuildFile; fileRef = 4AD3DD1A1CAF409200D5FDC4 /* RegistAPI.m */; };
		4AD3DD2C1CAFF1AB00D5FDC4 /* NYProgressHUD.m in Sources */ = {isa = PBXBuildFile; fileRef = 4AD3DD2B1CAFF1AB00D5FDC4 /* NYProgressHUD.m */; };
		4AD3DD2F1CB03DF900D5FDC4 /* SendVerifyCodeAPI.m in Sources */ = {isa = PBXBuildFile; fileRef = 4AD3DD2E1CB03DF900D5FDC4 /* SendVerifyCodeAPI.m */; };
		4AD3DD321CB11E6A00D5FDC4 /* SignupView.m in Sources */ = {isa = PBXBuildFile; fileRef = 4AD3DD311CB11E6A00D5FDC4 /* SignupView.m */; };
		4AD3DD351CB15B5200D5FDC4 /* VerifyCodeButton.m in Sources */ = {isa = PBXBuildFile; fileRef = 4AD3DD341CB15B5200D5FDC4 /* VerifyCodeButton.m */; };
		4AD3DD381CB15F0C00D5FDC4 /* ResetView.m in Sources */ = {isa = PBXBuildFile; fileRef = 4AD3DD371CB15F0C00D5FDC4 /* ResetView.m */; };
		4AD3DD3B1CB1A88A00D5FDC4 /* ResetAPI.m in Sources */ = {isa = PBXBuildFile; fileRef = 4AD3DD3A1CB1A88A00D5FDC4 /* ResetAPI.m */; };
		4ADA1D951C3E478C001ECBF4 /* ico_nav_back@2x.png in Resources */ = {isa = PBXBuildFile; fileRef = 4ADA1D911C3E478C001ECBF4 /* ico_nav_back@2x.png */; };
		4ADA1D961C3E478C001ECBF4 /* ico_nav_back@3x.png in Resources */ = {isa = PBXBuildFile; fileRef = 4ADA1D921C3E478C001ECBF4 /* ico_nav_back@3x.png */; };
		4ADA1D971C3E478C001ECBF4 /* ico_nav_back_white@2x.png in Resources */ = {isa = PBXBuildFile; fileRef = 4ADA1D931C3E478C001ECBF4 /* ico_nav_back_white@2x.png */; };
		4ADA1D981C3E478C001ECBF4 /* ico_nav_back_white@3x.png in Resources */ = {isa = PBXBuildFile; fileRef = 4ADA1D941C3E478C001ECBF4 /* ico_nav_back_white@3x.png */; };
		4ADA1DA51C3E496D001ECBF4 /* GradientView.m in Sources */ = {isa = PBXBuildFile; fileRef = 4ADA1D9E1C3E496D001ECBF4 /* GradientView.m */; };
		4ADA1DA61C3E496D001ECBF4 /* NSString+ZZExtends.m in Sources */ = {isa = PBXBuildFile; fileRef = 4ADA1DA01C3E496D001ECBF4 /* NSString+ZZExtends.m */; };
		4ADA1DA71C3E496D001ECBF4 /* UILabelZoomable.m in Sources */ = {isa = PBXBuildFile; fileRef = 4ADA1DA21C3E496D001ECBF4 /* UILabelZoomable.m */; };
		4ADA1DA81C3E496D001ECBF4 /* UIViewController+ZZExtends.m in Sources */ = {isa = PBXBuildFile; fileRef = 4ADA1DA41C3E496D001ECBF4 /* UIViewController+ZZExtends.m */; };
		4ADA1DAD1C3E4992001ECBF4 /* UIImage+ZZExtends.m in Sources */ = {isa = PBXBuildFile; fileRef = 4ADA1DAA1C3E4992001ECBF4 /* UIImage+ZZExtends.m */; };
		4ADA1DAE1C3E4992001ECBF4 /* UINavigationBar+ZZExtends.m in Sources */ = {isa = PBXBuildFile; fileRef = 4ADA1DAC1C3E4992001ECBF4 /* UINavigationBar+ZZExtends.m */; };
		4AE23F5D1CAA9A4C00ABECAF /* WeekDayLabelView.m in Sources */ = {isa = PBXBuildFile; fileRef = 4AE23F5C1CAA9A4C00ABECAF /* WeekDayLabelView.m */; };
		4AEAE9A21C84A804009F814E /* check.png in Resources */ = {isa = PBXBuildFile; fileRef = 4AEAE9A11C84A804009F814E /* check.png */; };
		4AEF61481C94EDAC00236F6F /* FMDayList.m in Sources */ = {isa = PBXBuildFile; fileRef = 4AEF61471C94EDAC00236F6F /* FMDayList.m */; };
		4AEF614B1C94EE5000236F6F /* FMTodoModel.m in Sources */ = {isa = PBXBuildFile; fileRef = 4AEF614A1C94EE5000236F6F /* FMTodoModel.m */; };
		4AEF614E1C94EECB00236F6F /* FMTodoImage.m in Sources */ = {isa = PBXBuildFile; fileRef = 4AEF614D1C94EECB00236F6F /* FMTodoImage.m */; };
		4AF086011CABDCB200138097 /* login_background.png in Resources */ = {isa = PBXBuildFile; fileRef = 4AF086001CABDCB200138097 /* login_background.png */; };
		4AF086041CABDCD600138097 /* LoginView.m in Sources */ = {isa = PBXBuildFile; fileRef = 4AF086031CABDCD600138097 /* LoginView.m */; };
		4AF086081CABF16300138097 /* ProjectVC.m in Sources */ = {isa = PBXBuildFile; fileRef = 4AF086071CABF16300138097 /* ProjectVC.m */; };
		4AF11FF81C6B1206007DC614 /* ChooseModeCell.m in Sources */ = {isa = PBXBuildFile; fileRef = 4AF11FF71C6B1206007DC614 /* ChooseModeCell.m */; };
		4AF34A201C74ADAC00004EC4 /* UserDefaultManage.m in Sources */ = {isa = PBXBuildFile; fileRef = 4AF34A1F1C74ADAC00004EC4 /* UserDefaultManage.m */; };
		4AF918FE1CA74197002BFF12 /* RemindModeCell.m in Sources */ = {isa = PBXBuildFile; fileRef = 4AF918FD1CA74197002BFF12 /* RemindModeCell.m */; };
		4AF919011CA7435E002BFF12 /* RemindModeChooseVC.m in Sources */ = {isa = PBXBuildFile; fileRef = 4AF919001CA7435E002BFF12 /* RemindModeChooseVC.m */; };
		4AF919041CA74456002BFF12 /* RemindModeChooseCell.m in Sources */ = {isa = PBXBuildFile; fileRef = 4AF919031CA74456002BFF12 /* RemindModeChooseCell.m */; };
		4AF919081CA8809F002BFF12 /* LoginVC.m in Sources */ = {isa = PBXBuildFile; fileRef = 4AF919071CA8809F002BFF12 /* LoginVC.m */; };
		988604FC5CF4599DBC5A9AA9 /* libPods.a in Frameworks */ = {isa = PBXBuildFile; fileRef = 640C26EC2089C43C666A53BB /* libPods.a */; };
/* End PBXBuildFile section */

/* Begin PBXFileReference section */
		30BC7EF857E7127AEAA836B5 /* Pods-GoDoTests.debug.xcconfig */ = {isa = PBXFileReference; includeInIndex = 1; lastKnownFileType = text.xcconfig; name = "Pods-GoDoTests.debug.xcconfig"; path = "Pods/Target Support Files/Pods-GoDoTests/Pods-GoDoTests.debug.xcconfig"; sourceTree = "<group>"; };
		42CABD3579D75749C9E0A8B1 /* libPods-GoDoTests.a */ = {isa = PBXFileReference; explicitFileType = archive.ar; includeInIndex = 0; path = "libPods-GoDoTests.a"; sourceTree = BUILT_PRODUCTS_DIR; };
		4A0441CB1C89A397005E23D9 /* RepeatModeCell.h */ = {isa = PBXFileReference; fileEncoding = 4; lastKnownFileType = sourcecode.c.h; path = RepeatModeCell.h; sourceTree = "<group>"; };
		4A0441CC1C89A397005E23D9 /* RepeatModeCell.m */ = {isa = PBXFileReference; fileEncoding = 4; lastKnownFileType = sourcecode.c.objc; path = RepeatModeCell.m; sourceTree = "<group>"; };
		4A0441CE1C89A82F005E23D9 /* RepeateModeChooseVC.h */ = {isa = PBXFileReference; fileEncoding = 4; lastKnownFileType = sourcecode.c.h; path = RepeateModeChooseVC.h; sourceTree = "<group>"; };
		4A0441CF1C89A82F005E23D9 /* RepeateModeChooseVC.m */ = {isa = PBXFileReference; fileEncoding = 4; lastKnownFileType = sourcecode.c.objc; path = RepeateModeChooseVC.m; sourceTree = "<group>"; };
		4A0441D11C89AAA3005E23D9 /* RepeatModeChooseCell.h */ = {isa = PBXFileReference; fileEncoding = 4; lastKnownFileType = sourcecode.c.h; path = RepeatModeChooseCell.h; sourceTree = "<group>"; };
		4A0441D21C89AAA3005E23D9 /* RepeatModeChooseCell.m */ = {isa = PBXFileReference; fileEncoding = 4; lastKnownFileType = sourcecode.c.objc; path = RepeatModeChooseCell.m; sourceTree = "<group>"; };
		4A1290821C5DD4E6006E078B /* WeekCollectionView.h */ = {isa = PBXFileReference; fileEncoding = 4; lastKnownFileType = sourcecode.c.h; path = WeekCollectionView.h; sourceTree = "<group>"; };
		4A1290831C5DD4E6006E078B /* WeekCollectionView.m */ = {isa = PBXFileReference; fileEncoding = 4; lastKnownFileType = sourcecode.c.objc; path = WeekCollectionView.m; sourceTree = "<group>"; };
		4A1290841C5DD4E6006E078B /* WeekCollectionViewCell.h */ = {isa = PBXFileReference; fileEncoding = 4; lastKnownFileType = sourcecode.c.h; path = WeekCollectionViewCell.h; sourceTree = "<group>"; };
		4A1290851C5DD4E6006E078B /* WeekCollectionViewCell.m */ = {isa = PBXFileReference; fileEncoding = 4; lastKnownFileType = sourcecode.c.objc; path = WeekCollectionViewCell.m; sourceTree = "<group>"; };
		4A1290891C5DD4FF006E078B /* TodoCollectionView.h */ = {isa = PBXFileReference; fileEncoding = 4; lastKnownFileType = sourcecode.c.h; path = TodoCollectionView.h; sourceTree = "<group>"; };
		4A12908A1C5DD4FF006E078B /* TodoCollectionView.m */ = {isa = PBXFileReference; fileEncoding = 4; lastKnownFileType = sourcecode.c.objc; path = TodoCollectionView.m; sourceTree = "<group>"; };
		4A12908B1C5DD4FF006E078B /* TodoCollectionViewCell.h */ = {isa = PBXFileReference; fileEncoding = 4; lastKnownFileType = sourcecode.c.h; path = TodoCollectionViewCell.h; sourceTree = "<group>"; };
		4A12908C1C5DD4FF006E078B /* TodoCollectionViewCell.m */ = {isa = PBXFileReference; fileEncoding = 4; lastKnownFileType = sourcecode.c.objc; path = TodoCollectionViewCell.m; sourceTree = "<group>"; };
		4A12908D1C5DD4FF006E078B /* TodoTableViewCell.h */ = {isa = PBXFileReference; fileEncoding = 4; lastKnownFileType = sourcecode.c.h; path = TodoTableViewCell.h; sourceTree = "<group>"; };
		4A12908E1C5DD4FF006E078B /* TodoTableViewCell.m */ = {isa = PBXFileReference; fileEncoding = 4; lastKnownFileType = sourcecode.c.objc; path = TodoTableViewCell.m; sourceTree = "<group>"; };
		4A1290961C5E1766006E078B /* Reveal.framework */ = {isa = PBXFileReference; lastKnownFileType = wrapper.framework; path = Reveal.framework; sourceTree = "<group>"; };
		4A1290991C5E181F006E078B /* libz.tbd */ = {isa = PBXFileReference; lastKnownFileType = "sourcecode.text-based-dylib-definition"; name = libz.tbd; path = usr/lib/libz.tbd; sourceTree = SDKROOT; };
		4A21994E1CB56DD900E37719 /* GetProjectAPI.h */ = {isa = PBXFileReference; fileEncoding = 4; lastKnownFileType = sourcecode.c.h; path = GetProjectAPI.h; sourceTree = "<group>"; };
		4A21994F1CB56DD900E37719 /* GetProjectAPI.m */ = {isa = PBXFileReference; fileEncoding = 4; lastKnownFileType = sourcecode.c.objc; path = GetProjectAPI.m; sourceTree = "<group>"; };
		4A2199511CB572B700E37719 /* CreateTodoAPI.h */ = {isa = PBXFileReference; fileEncoding = 4; lastKnownFileType = sourcecode.c.h; path = CreateTodoAPI.h; sourceTree = "<group>"; };
		4A2199521CB572B700E37719 /* CreateTodoAPI.m */ = {isa = PBXFileReference; fileEncoding = 4; lastKnownFileType = sourcecode.c.objc; path = CreateTodoAPI.m; sourceTree = "<group>"; };
		4A2199541CB577DF00E37719 /* UpdateTodoAPI.h */ = {isa = PBXFileReference; fileEncoding = 4; lastKnownFileType = sourcecode.c.h; path = UpdateTodoAPI.h; sourceTree = "<group>"; };
		4A2199551CB577DF00E37719 /* UpdateTodoAPI.m */ = {isa = PBXFileReference; fileEncoding = 4; lastKnownFileType = sourcecode.c.objc; path = UpdateTodoAPI.m; sourceTree = "<group>"; };
		4A2199571CB579E700E37719 /* deleteTodoAPI.h */ = {isa = PBXFileReference; fileEncoding = 4; lastKnownFileType = sourcecode.c.h; path = deleteTodoAPI.h; sourceTree = "<group>"; };
		4A2199581CB579E700E37719 /* deleteTodoAPI.m */ = {isa = PBXFileReference; fileEncoding = 4; lastKnownFileType = sourcecode.c.objc; path = deleteTodoAPI.m; sourceTree = "<group>"; };
		4A24F3341CB84B1800234374 /* PopoverView.h */ = {isa = PBXFileReference; fileEncoding = 4; lastKnownFileType = sourcecode.c.h; path = PopoverView.h; sourceTree = "<group>"; };
		4A24F3351CB84B1800234374 /* PopoverView.m */ = {isa = PBXFileReference; fileEncoding = 4; lastKnownFileType = sourcecode.c.objc; path = PopoverView.m; sourceTree = "<group>"; };
		4A24F3371CB9CB4E00234374 /* SearchUserAPI.h */ = {isa = PBXFileReference; fileEncoding = 4; lastKnownFileType = sourcecode.c.h; path = SearchUserAPI.h; sourceTree = "<group>"; };
		4A24F3381CB9CB4E00234374 /* SearchUserAPI.m */ = {isa = PBXFileReference; fileEncoding = 4; lastKnownFileType = sourcecode.c.objc; path = SearchUserAPI.m; sourceTree = "<group>"; };
		4A24F33A1CB9CBF800234374 /* BaseModel.h */ = {isa = PBXFileReference; fileEncoding = 4; lastKnownFileType = sourcecode.c.h; path = BaseModel.h; sourceTree = "<group>"; };
		4A24F33B1CB9CBF800234374 /* BaseModel.m */ = {isa = PBXFileReference; fileEncoding = 4; lastKnownFileType = sourcecode.c.objc; path = BaseModel.m; sourceTree = "<group>"; };
		4A24F3591CBAC0B600234374 /* ProjectCell.h */ = {isa = PBXFileReference; fileEncoding = 4; lastKnownFileType = sourcecode.c.h; path = ProjectCell.h; sourceTree = "<group>"; };
		4A24F35A1CBAC0B600234374 /* ProjectCell.m */ = {isa = PBXFileReference; fileEncoding = 4; lastKnownFileType = sourcecode.c.objc; path = ProjectCell.m; sourceTree = "<group>"; };
		4A24F3661CBAE47200234374 /* ChooseTypeColorVC.h */ = {isa = PBXFileReference; fileEncoding = 4; lastKnownFileType = sourcecode.c.h; path = ChooseTypeColorVC.h; sourceTree = "<group>"; };
		4A24F3671CBAE47200234374 /* ChooseTypeColorVC.m */ = {isa = PBXFileReference; fileEncoding = 4; lastKnownFileType = sourcecode.c.objc; path = ChooseTypeColorVC.m; sourceTree = "<group>"; };
		4A24F3681CBAE47200234374 /* TypeColor.h */ = {isa = PBXFileReference; fileEncoding = 4; lastKnownFileType = sourcecode.c.h; path = TypeColor.h; sourceTree = "<group>"; };
		4A24F3691CBAE47200234374 /* TypeColor.m */ = {isa = PBXFileReference; fileEncoding = 4; lastKnownFileType = sourcecode.c.objc; path = TypeColor.m; sourceTree = "<group>"; };
		4A24F36C1CBAE48900234374 /* AddProjectFooterView.h */ = {isa = PBXFileReference; fileEncoding = 4; lastKnownFileType = sourcecode.c.h; path = AddProjectFooterView.h; sourceTree = "<group>"; };
		4A24F36D1CBAE48900234374 /* AddProjectFooterView.m */ = {isa = PBXFileReference; fileEncoding = 4; lastKnownFileType = sourcecode.c.objc; path = AddProjectFooterView.m; sourceTree = "<group>"; };
		4A24F36F1CBAE56600234374 /* CreateProjectAPI.h */ = {isa = PBXFileReference; fileEncoding = 4; lastKnownFileType = sourcecode.c.h; path = CreateProjectAPI.h; sourceTree = "<group>"; };
		4A24F3701CBAE56600234374 /* CreateProjectAPI.m */ = {isa = PBXFileReference; fileEncoding = 4; lastKnownFileType = sourcecode.c.objc; path = CreateProjectAPI.m; sourceTree = "<group>"; };
		4A24F3721CBAF1B300234374 /* AddNewProjectVC.h */ = {isa = PBXFileReference; fileEncoding = 4; lastKnownFileType = sourcecode.c.h; path = AddNewProjectVC.h; sourceTree = "<group>"; };
		4A24F3731CBAF1B300234374 /* AddNewProjectVC.m */ = {isa = PBXFileReference; fileEncoding = 4; lastKnownFileType = sourcecode.c.objc; path = AddNewProjectVC.m; sourceTree = "<group>"; };
		4A24F3751CBAFA1000234374 /* SearchUserModel.h */ = {isa = PBXFileReference; fileEncoding = 4; lastKnownFileType = sourcecode.c.h; path = SearchUserModel.h; sourceTree = "<group>"; };
		4A24F3761CBAFA1000234374 /* SearchUserModel.m */ = {isa = PBXFileReference; fileEncoding = 4; lastKnownFileType = sourcecode.c.objc; path = SearchUserModel.m; sourceTree = "<group>"; };
		4A24F3781CBAFA4200234374 /* GetProjectModel.h */ = {isa = PBXFileReference; fileEncoding = 4; lastKnownFileType = sourcecode.c.h; path = GetProjectModel.h; sourceTree = "<group>"; };
		4A24F3791CBAFA4200234374 /* GetProjectModel.m */ = {isa = PBXFileReference; fileEncoding = 4; lastKnownFileType = sourcecode.c.objc; path = GetProjectModel.m; sourceTree = "<group>"; };
		4A24F37B1CBAFA6700234374 /* LoginTokenModel.h */ = {isa = PBXFileReference; fileEncoding = 4; lastKnownFileType = sourcecode.c.h; path = LoginTokenModel.h; sourceTree = "<group>"; };
		4A24F37C1CBAFA6700234374 /* LoginTokenModel.m */ = {isa = PBXFileReference; fileEncoding = 4; lastKnownFileType = sourcecode.c.objc; path = LoginTokenModel.m; sourceTree = "<group>"; };
		4A24F37E1CBB047C00234374 /* ChoosePrivateTypeVC.h */ = {isa = PBXFileReference; fileEncoding = 4; lastKnownFileType = sourcecode.c.h; path = ChoosePrivateTypeVC.h; sourceTree = "<group>"; };
		4A24F37F1CBB047C00234374 /* ChoosePrivateTypeVC.m */ = {isa = PBXFileReference; fileEncoding = 4; lastKnownFileType = sourcecode.c.objc; path = ChoosePrivateTypeVC.m; sourceTree = "<group>"; };
		4A24F3811CBBBAEF00234374 /* CreateProjectModel.h */ = {isa = PBXFileReference; fileEncoding = 4; lastKnownFileType = sourcecode.c.h; path = CreateProjectModel.h; sourceTree = "<group>"; };
		4A24F3821CBBBAEF00234374 /* CreateProjectModel.m */ = {isa = PBXFileReference; fileEncoding = 4; lastKnownFileType = sourcecode.c.objc; path = CreateProjectModel.m; sourceTree = "<group>"; };
		4A3EE6CC1CB51A3100AFC8A4 /* UserModel.h */ = {isa = PBXFileReference; fileEncoding = 4; lastKnownFileType = sourcecode.c.h; path = UserModel.h; sourceTree = "<group>"; };
		4A3EE6CD1CB51A3100AFC8A4 /* UserModel.m */ = {isa = PBXFileReference; fileEncoding = 4; lastKnownFileType = sourcecode.c.objc; path = UserModel.m; sourceTree = "<group>"; };
		4A3EE6CF1CB51BF600AFC8A4 /* ProjectModel.h */ = {isa = PBXFileReference; fileEncoding = 4; lastKnownFileType = sourcecode.c.h; path = ProjectModel.h; sourceTree = "<group>"; };
		4A3EE6D01CB51BF600AFC8A4 /* ProjectModel.m */ = {isa = PBXFileReference; fileEncoding = 4; lastKnownFileType = sourcecode.c.objc; path = ProjectModel.m; sourceTree = "<group>"; };
		4A3EE6D21CB51DB300AFC8A4 /* MissionModel.h */ = {isa = PBXFileReference; fileEncoding = 4; lastKnownFileType = sourcecode.c.h; path = MissionModel.h; sourceTree = "<group>"; };
		4A3EE6D31CB51DB300AFC8A4 /* MissionModel.m */ = {isa = PBXFileReference; fileEncoding = 4; lastKnownFileType = sourcecode.c.objc; path = MissionModel.m; sourceTree = "<group>"; };
		4A3EE6D51CB5207100AFC8A4 /* TodoModel.h */ = {isa = PBXFileReference; fileEncoding = 4; lastKnownFileType = sourcecode.c.h; path = TodoModel.h; sourceTree = "<group>"; };
		4A3EE6D61CB5207100AFC8A4 /* TodoModel.m */ = {isa = PBXFileReference; fileEncoding = 4; lastKnownFileType = sourcecode.c.objc; path = TodoModel.m; sourceTree = "<group>"; };
		4A3FB5AF1C7B78CD00C0E6B7 /* AlbumAddBtn@2x.png */ = {isa = PBXFileReference; lastKnownFileType = image.png; path = "AlbumAddBtn@2x.png"; sourceTree = "<group>"; };
		4A43AC341C3631A900347E3C /* libc++.tbd */ = {isa = PBXFileReference; lastKnownFileType = "sourcecode.text-based-dylib-definition"; name = "libc++.tbd"; path = "usr/lib/libc++.tbd"; sourceTree = SDKROOT; };
		4A4F9CB51C3F3E280000F24C /* RDVCalendarDayCell.h */ = {isa = PBXFileReference; fileEncoding = 4; lastKnownFileType = sourcecode.c.h; path = RDVCalendarDayCell.h; sourceTree = "<group>"; };
		4A4F9CB61C3F3E280000F24C /* RDVCalendarDayCell.m */ = {isa = PBXFileReference; fileEncoding = 4; lastKnownFileType = sourcecode.c.objc; path = RDVCalendarDayCell.m; sourceTree = "<group>"; };
		4A4F9CB71C3F3E280000F24C /* RDVCalendarView.h */ = {isa = PBXFileReference; fileEncoding = 4; lastKnownFileType = sourcecode.c.h; path = RDVCalendarView.h; sourceTree = "<group>"; };
		4A4F9CB81C3F3E280000F24C /* RDVCalendarView.m */ = {isa = PBXFileReference; fileEncoding = 4; lastKnownFileType = sourcecode.c.objc; path = RDVCalendarView.m; sourceTree = "<group>"; };
		4A4F9CC21C3F3ECE0000F24C /* CalendarTodoDetailVC.h */ = {isa = PBXFileReference; fileEncoding = 4; lastKnownFileType = sourcecode.c.h; path = CalendarTodoDetailVC.h; sourceTree = "<group>"; };
		4A4F9CC31C3F3ECE0000F24C /* CalendarTodoDetailVC.m */ = {isa = PBXFileReference; fileEncoding = 4; lastKnownFileType = sourcecode.c.objc; path = CalendarTodoDetailVC.m; sourceTree = "<group>"; };
		4A4F9CC51C3F3EEA0000F24C /* CalendarVC.h */ = {isa = PBXFileReference; fileEncoding = 4; lastKnownFileType = sourcecode.c.h; path = CalendarVC.h; sourceTree = "<group>"; };
		4A4F9CC61C3F3EEA0000F24C /* CalendarVC.m */ = {isa = PBXFileReference; fileEncoding = 4; lastKnownFileType = sourcecode.c.objc; path = CalendarVC.m; sourceTree = "<group>"; };
		4A84C8721C43DF3F00F83C5B /* NSObject+NYExtends.h */ = {isa = PBXFileReference; fileEncoding = 4; lastKnownFileType = sourcecode.c.h; path = "NSObject+NYExtends.h"; sourceTree = "<group>"; };
		4A84C8731C43DF3F00F83C5B /* NSObject+NYExtends.m */ = {isa = PBXFileReference; fileEncoding = 4; lastKnownFileType = sourcecode.c.objc; path = "NSObject+NYExtends.m"; sourceTree = "<group>"; };
		4A88CB1C1C2B925E001C13D8 /* GoDo.app */ = {isa = PBXFileReference; explicitFileType = wrapper.application; includeInIndex = 0; path = GoDo.app; sourceTree = BUILT_PRODUCTS_DIR; };
		4A88CB201C2B925F001C13D8 /* main.m */ = {isa = PBXFileReference; lastKnownFileType = sourcecode.c.objc; path = main.m; sourceTree = "<group>"; };
		4A88CB221C2B925F001C13D8 /* AppDelegate.h */ = {isa = PBXFileReference; lastKnownFileType = sourcecode.c.h; path = AppDelegate.h; sourceTree = "<group>"; };
		4A88CB231C2B925F001C13D8 /* AppDelegate.m */ = {isa = PBXFileReference; lastKnownFileType = sourcecode.c.objc; path = AppDelegate.m; sourceTree = "<group>"; };
		4A88CB2B1C2B925F001C13D8 /* Assets.xcassets */ = {isa = PBXFileReference; lastKnownFileType = folder.assetcatalog; path = Assets.xcassets; sourceTree = "<group>"; };
		4A88CB301C2B925F001C13D8 /* Info.plist */ = {isa = PBXFileReference; lastKnownFileType = text.plist.xml; path = Info.plist; sourceTree = "<group>"; };
		4A88CB691C2BBC9F001C13D8 /* PrefixHeader.pch */ = {isa = PBXFileReference; lastKnownFileType = sourcecode.c.h; path = PrefixHeader.pch; sourceTree = "<group>"; };
		4A95AA0F1C71702F00DFB118 /* DeleteTodoCell.h */ = {isa = PBXFileReference; fileEncoding = 4; lastKnownFileType = sourcecode.c.h; path = DeleteTodoCell.h; sourceTree = "<group>"; };
		4A95AA101C71702F00DFB118 /* DeleteTodoCell.m */ = {isa = PBXFileReference; fileEncoding = 4; lastKnownFileType = sourcecode.c.objc; path = DeleteTodoCell.m; sourceTree = "<group>"; };
		4A9FC1B61C699FAE00A1D888 /* TodoContentView.h */ = {isa = PBXFileReference; fileEncoding = 4; lastKnownFileType = sourcecode.c.h; path = TodoContentView.h; sourceTree = "<group>"; };
		4A9FC1B71C699FAE00A1D888 /* TodoContentView.m */ = {isa = PBXFileReference; fileEncoding = 4; lastKnownFileType = sourcecode.c.objc; path = TodoContentView.m; sourceTree = "<group>"; };
		4A9FC1B81C699FAE00A1D888 /* TodoDetailVC.h */ = {isa = PBXFileReference; fileEncoding = 4; lastKnownFileType = sourcecode.c.h; path = TodoDetailVC.h; sourceTree = "<group>"; };
		4A9FC1B91C699FAE00A1D888 /* TodoDetailVC.m */ = {isa = PBXFileReference; fileEncoding = 4; lastKnownFileType = sourcecode.c.objc; path = TodoDetailVC.m; sourceTree = "<group>"; };
		4A9FC1BA1C699FAE00A1D888 /* TodoProjectView.h */ = {isa = PBXFileReference; fileEncoding = 4; lastKnownFileType = sourcecode.c.h; path = TodoProjectView.h; sourceTree = "<group>"; };
		4A9FC1BB1C699FAE00A1D888 /* TodoProjectView.m */ = {isa = PBXFileReference; fileEncoding = 4; lastKnownFileType = sourcecode.c.objc; path = TodoProjectView.m; sourceTree = "<group>"; };
		4A9FC1BF1C69A30E00A1D888 /* DatePickerCell.h */ = {isa = PBXFileReference; fileEncoding = 4; lastKnownFileType = sourcecode.c.h; path = DatePickerCell.h; sourceTree = "<group>"; };
		4A9FC1C01C69A30E00A1D888 /* DatePickerCell.m */ = {isa = PBXFileReference; fileEncoding = 4; lastKnownFileType = sourcecode.c.objc; path = DatePickerCell.m; sourceTree = "<group>"; };
		4AA3934C1C58AC2E00DA3C16 /* BaseNavigationController.h */ = {isa = PBXFileReference; fileEncoding = 4; lastKnownFileType = sourcecode.c.h; path = BaseNavigationController.h; sourceTree = "<group>"; };
		4AA3934D1C58AC2E00DA3C16 /* BaseNavigationController.m */ = {isa = PBXFileReference; fileEncoding = 4; lastKnownFileType = sourcecode.c.objc; path = BaseNavigationController.m; sourceTree = "<group>"; };
		4AA3934E1C58AC2E00DA3C16 /* MainTabBarVC.h */ = {isa = PBXFileReference; fileEncoding = 4; lastKnownFileType = sourcecode.c.h; path = MainTabBarVC.h; sourceTree = "<group>"; };
		4AA3934F1C58AC2E00DA3C16 /* MainTabBarVC.m */ = {isa = PBXFileReference; fileEncoding = 4; lastKnownFileType = sourcecode.c.objc; path = MainTabBarVC.m; sourceTree = "<group>"; };
		4AA393521C58AC6D00DA3C16 /* DBManage.h */ = {isa = PBXFileReference; fileEncoding = 4; lastKnownFileType = sourcecode.c.h; path = DBManage.h; sourceTree = "<group>"; };
		4AA393531C58AC6D00DA3C16 /* DBManage.m */ = {isa = PBXFileReference; fileEncoding = 4; lastKnownFileType = sourcecode.c.objc; path = DBManage.m; sourceTree = "<group>"; };
		4AB09F041C62E396006EB837 /* ChooseProjectVC.h */ = {isa = PBXFileReference; fileEncoding = 4; lastKnownFileType = sourcecode.c.h; path = ChooseProjectVC.h; sourceTree = "<group>"; };
		4AB09F051C62E396006EB837 /* ChooseProjectVC.m */ = {isa = PBXFileReference; fileEncoding = 4; lastKnownFileType = sourcecode.c.objc; path = ChooseProjectVC.m; sourceTree = "<group>"; };
		4AB09F071C62E86C006EB837 /* ChooseProjectTableCell.h */ = {isa = PBXFileReference; fileEncoding = 4; lastKnownFileType = sourcecode.c.h; path = ChooseProjectTableCell.h; sourceTree = "<group>"; };
		4AB09F081C62E86C006EB837 /* ChooseProjectTableCell.m */ = {isa = PBXFileReference; fileEncoding = 4; lastKnownFileType = sourcecode.c.objc; path = ChooseProjectTableCell.m; sourceTree = "<group>"; };
		4ABB608E1C7CE3C60040079C /* ZoomImageView.h */ = {isa = PBXFileReference; fileEncoding = 4; lastKnownFileType = sourcecode.c.h; path = ZoomImageView.h; sourceTree = "<group>"; };
		4ABB608F1C7CE3C60040079C /* ZoomImageView.m */ = {isa = PBXFileReference; fileEncoding = 4; lastKnownFileType = sourcecode.c.objc; path = ZoomImageView.m; sourceTree = "<group>"; };
		4AD3DD171CAF409200D5FDC4 /* LogInAPI.h */ = {isa = PBXFileReference; fileEncoding = 4; lastKnownFileType = sourcecode.c.h; path = LogInAPI.h; sourceTree = "<group>"; };
		4AD3DD181CAF409200D5FDC4 /* LogInAPI.m */ = {isa = PBXFileReference; fileEncoding = 4; lastKnownFileType = sourcecode.c.objc; path = LogInAPI.m; sourceTree = "<group>"; };
		4AD3DD191CAF409200D5FDC4 /* RegistAPI.h */ = {isa = PBXFileReference; fileEncoding = 4; lastKnownFileType = sourcecode.c.h; path = RegistAPI.h; sourceTree = "<group>"; };
		4AD3DD1A1CAF409200D5FDC4 /* RegistAPI.m */ = {isa = PBXFileReference; fileEncoding = 4; lastKnownFileType = sourcecode.c.objc; path = RegistAPI.m; sourceTree = "<group>"; };
		4AD3DD2A1CAFF1AB00D5FDC4 /* NYProgressHUD.h */ = {isa = PBXFileReference; fileEncoding = 4; lastKnownFileType = sourcecode.c.h; path = NYProgressHUD.h; sourceTree = "<group>"; };
		4AD3DD2B1CAFF1AB00D5FDC4 /* NYProgressHUD.m */ = {isa = PBXFileReference; fileEncoding = 4; lastKnownFileType = sourcecode.c.objc; path = NYProgressHUD.m; sourceTree = "<group>"; };
		4AD3DD2D1CB03DF900D5FDC4 /* SendVerifyCodeAPI.h */ = {isa = PBXFileReference; fileEncoding = 4; lastKnownFileType = sourcecode.c.h; path = SendVerifyCodeAPI.h; sourceTree = "<group>"; };
		4AD3DD2E1CB03DF900D5FDC4 /* SendVerifyCodeAPI.m */ = {isa = PBXFileReference; fileEncoding = 4; lastKnownFileType = sourcecode.c.objc; path = SendVerifyCodeAPI.m; sourceTree = "<group>"; };
		4AD3DD301CB11E6A00D5FDC4 /* SignupView.h */ = {isa = PBXFileReference; fileEncoding = 4; lastKnownFileType = sourcecode.c.h; path = SignupView.h; sourceTree = "<group>"; };
		4AD3DD311CB11E6A00D5FDC4 /* SignupView.m */ = {isa = PBXFileReference; fileEncoding = 4; lastKnownFileType = sourcecode.c.objc; path = SignupView.m; sourceTree = "<group>"; };
		4AD3DD331CB15B5200D5FDC4 /* VerifyCodeButton.h */ = {isa = PBXFileReference; fileEncoding = 4; lastKnownFileType = sourcecode.c.h; path = VerifyCodeButton.h; sourceTree = "<group>"; };
		4AD3DD341CB15B5200D5FDC4 /* VerifyCodeButton.m */ = {isa = PBXFileReference; fileEncoding = 4; lastKnownFileType = sourcecode.c.objc; path = VerifyCodeButton.m; sourceTree = "<group>"; };
		4AD3DD361CB15F0C00D5FDC4 /* ResetView.h */ = {isa = PBXFileReference; fileEncoding = 4; lastKnownFileType = sourcecode.c.h; path = ResetView.h; sourceTree = "<group>"; };
		4AD3DD371CB15F0C00D5FDC4 /* ResetView.m */ = {isa = PBXFileReference; fileEncoding = 4; lastKnownFileType = sourcecode.c.objc; path = ResetView.m; sourceTree = "<group>"; };
		4AD3DD391CB1A88A00D5FDC4 /* ResetAPI.h */ = {isa = PBXFileReference; fileEncoding = 4; lastKnownFileType = sourcecode.c.h; path = ResetAPI.h; sourceTree = "<group>"; };
		4AD3DD3A1CB1A88A00D5FDC4 /* ResetAPI.m */ = {isa = PBXFileReference; fileEncoding = 4; lastKnownFileType = sourcecode.c.objc; path = ResetAPI.m; sourceTree = "<group>"; };
		4ADA1D911C3E478C001ECBF4 /* ico_nav_back@2x.png */ = {isa = PBXFileReference; lastKnownFileType = image.png; path = "ico_nav_back@2x.png"; sourceTree = "<group>"; };
		4ADA1D921C3E478C001ECBF4 /* ico_nav_back@3x.png */ = {isa = PBXFileReference; lastKnownFileType = image.png; path = "ico_nav_back@3x.png"; sourceTree = "<group>"; };
		4ADA1D931C3E478C001ECBF4 /* ico_nav_back_white@2x.png */ = {isa = PBXFileReference; lastKnownFileType = image.png; path = "ico_nav_back_white@2x.png"; sourceTree = "<group>"; };
		4ADA1D941C3E478C001ECBF4 /* ico_nav_back_white@3x.png */ = {isa = PBXFileReference; lastKnownFileType = image.png; path = "ico_nav_back_white@3x.png"; sourceTree = "<group>"; };
		4ADA1D9D1C3E496D001ECBF4 /* GradientView.h */ = {isa = PBXFileReference; fileEncoding = 4; lastKnownFileType = sourcecode.c.h; path = GradientView.h; sourceTree = "<group>"; };
		4ADA1D9E1C3E496D001ECBF4 /* GradientView.m */ = {isa = PBXFileReference; fileEncoding = 4; lastKnownFileType = sourcecode.c.objc; path = GradientView.m; sourceTree = "<group>"; };
		4ADA1D9F1C3E496D001ECBF4 /* NSString+ZZExtends.h */ = {isa = PBXFileReference; fileEncoding = 4; lastKnownFileType = sourcecode.c.h; path = "NSString+ZZExtends.h"; sourceTree = "<group>"; };
		4ADA1DA01C3E496D001ECBF4 /* NSString+ZZExtends.m */ = {isa = PBXFileReference; fileEncoding = 4; lastKnownFileType = sourcecode.c.objc; path = "NSString+ZZExtends.m"; sourceTree = "<group>"; };
		4ADA1DA11C3E496D001ECBF4 /* UILabelZoomable.h */ = {isa = PBXFileReference; fileEncoding = 4; lastKnownFileType = sourcecode.c.h; path = UILabelZoomable.h; sourceTree = "<group>"; };
		4ADA1DA21C3E496D001ECBF4 /* UILabelZoomable.m */ = {isa = PBXFileReference; fileEncoding = 4; lastKnownFileType = sourcecode.c.objc; path = UILabelZoomable.m; sourceTree = "<group>"; };
		4ADA1DA31C3E496D001ECBF4 /* UIViewController+ZZExtends.h */ = {isa = PBXFileReference; fileEncoding = 4; lastKnownFileType = sourcecode.c.h; path = "UIViewController+ZZExtends.h"; sourceTree = "<group>"; };
		4ADA1DA41C3E496D001ECBF4 /* UIViewController+ZZExtends.m */ = {isa = PBXFileReference; fileEncoding = 4; lastKnownFileType = sourcecode.c.objc; path = "UIViewController+ZZExtends.m"; sourceTree = "<group>"; };
		4ADA1DA91C3E4992001ECBF4 /* UIImage+ZZExtends.h */ = {isa = PBXFileReference; fileEncoding = 4; lastKnownFileType = sourcecode.c.h; path = "UIImage+ZZExtends.h"; sourceTree = "<group>"; };
		4ADA1DAA1C3E4992001ECBF4 /* UIImage+ZZExtends.m */ = {isa = PBXFileReference; fileEncoding = 4; lastKnownFileType = sourcecode.c.objc; path = "UIImage+ZZExtends.m"; sourceTree = "<group>"; };
		4ADA1DAB1C3E4992001ECBF4 /* UINavigationBar+ZZExtends.h */ = {isa = PBXFileReference; fileEncoding = 4; lastKnownFileType = sourcecode.c.h; path = "UINavigationBar+ZZExtends.h"; sourceTree = "<group>"; };
		4ADA1DAC1C3E4992001ECBF4 /* UINavigationBar+ZZExtends.m */ = {isa = PBXFileReference; fileEncoding = 4; lastKnownFileType = sourcecode.c.objc; path = "UINavigationBar+ZZExtends.m"; sourceTree = "<group>"; };
		4AE23F5B1CAA9A4C00ABECAF /* WeekDayLabelView.h */ = {isa = PBXFileReference; fileEncoding = 4; lastKnownFileType = sourcecode.c.h; path = WeekDayLabelView.h; sourceTree = "<group>"; };
		4AE23F5C1CAA9A4C00ABECAF /* WeekDayLabelView.m */ = {isa = PBXFileReference; fileEncoding = 4; lastKnownFileType = sourcecode.c.objc; path = WeekDayLabelView.m; sourceTree = "<group>"; };
		4AEAE9A11C84A804009F814E /* check.png */ = {isa = PBXFileReference; lastKnownFileType = image.png; path = check.png; sourceTree = "<group>"; };
		4AEF61461C94EDAC00236F6F /* FMDayList.h */ = {isa = PBXFileReference; fileEncoding = 4; lastKnownFileType = sourcecode.c.h; path = FMDayList.h; sourceTree = "<group>"; };
		4AEF61471C94EDAC00236F6F /* FMDayList.m */ = {isa = PBXFileReference; fileEncoding = 4; lastKnownFileType = sourcecode.c.objc; path = FMDayList.m; sourceTree = "<group>"; };
		4AEF61491C94EE5000236F6F /* FMTodoModel.h */ = {isa = PBXFileReference; fileEncoding = 4; lastKnownFileType = sourcecode.c.h; path = FMTodoModel.h; sourceTree = "<group>"; };
		4AEF614A1C94EE5000236F6F /* FMTodoModel.m */ = {isa = PBXFileReference; fileEncoding = 4; lastKnownFileType = sourcecode.c.objc; path = FMTodoModel.m; sourceTree = "<group>"; };
		4AEF614C1C94EECB00236F6F /* FMTodoImage.h */ = {isa = PBXFileReference; fileEncoding = 4; lastKnownFileType = sourcecode.c.h; path = FMTodoImage.h; sourceTree = "<group>"; };
		4AEF614D1C94EECB00236F6F /* FMTodoImage.m */ = {isa = PBXFileReference; fileEncoding = 4; lastKnownFileType = sourcecode.c.objc; path = FMTodoImage.m; sourceTree = "<group>"; };
		4AF086001CABDCB200138097 /* login_background.png */ = {isa = PBXFileReference; lastKnownFileType = image.png; path = login_background.png; sourceTree = "<group>"; };
		4AF086021CABDCD600138097 /* LoginView.h */ = {isa = PBXFileReference; fileEncoding = 4; lastKnownFileType = sourcecode.c.h; path = LoginView.h; sourceTree = "<group>"; };
		4AF086031CABDCD600138097 /* LoginView.m */ = {isa = PBXFileReference; fileEncoding = 4; lastKnownFileType = sourcecode.c.objc; path = LoginView.m; sourceTree = "<group>"; };
		4AF086061CABF16300138097 /* ProjectVC.h */ = {isa = PBXFileReference; fileEncoding = 4; lastKnownFileType = sourcecode.c.h; path = ProjectVC.h; sourceTree = "<group>"; };
		4AF086071CABF16300138097 /* ProjectVC.m */ = {isa = PBXFileReference; fileEncoding = 4; lastKnownFileType = sourcecode.c.objc; path = ProjectVC.m; sourceTree = "<group>"; };
		4AF11FF61C6B1206007DC614 /* ChooseModeCell.h */ = {isa = PBXFileReference; fileEncoding = 4; lastKnownFileType = sourcecode.c.h; path = ChooseModeCell.h; sourceTree = "<group>"; };
		4AF11FF71C6B1206007DC614 /* ChooseModeCell.m */ = {isa = PBXFileReference; fileEncoding = 4; lastKnownFileType = sourcecode.c.objc; path = ChooseModeCell.m; sourceTree = "<group>"; };
		4AF34A1E1C74ADAC00004EC4 /* UserDefaultManage.h */ = {isa = PBXFileReference; fileEncoding = 4; lastKnownFileType = sourcecode.c.h; path = UserDefaultManage.h; sourceTree = "<group>"; };
		4AF34A1F1C74ADAC00004EC4 /* UserDefaultManage.m */ = {isa = PBXFileReference; fileEncoding = 4; lastKnownFileType = sourcecode.c.objc; path = UserDefaultManage.m; sourceTree = "<group>"; };
		4AF918FC1CA74197002BFF12 /* RemindModeCell.h */ = {isa = PBXFileReference; fileEncoding = 4; lastKnownFileType = sourcecode.c.h; path = RemindModeCell.h; sourceTree = "<group>"; };
		4AF918FD1CA74197002BFF12 /* RemindModeCell.m */ = {isa = PBXFileReference; fileEncoding = 4; lastKnownFileType = sourcecode.c.objc; path = RemindModeCell.m; sourceTree = "<group>"; };
		4AF918FF1CA7435E002BFF12 /* RemindModeChooseVC.h */ = {isa = PBXFileReference; fileEncoding = 4; lastKnownFileType = sourcecode.c.h; path = RemindModeChooseVC.h; sourceTree = "<group>"; };
		4AF919001CA7435E002BFF12 /* RemindModeChooseVC.m */ = {isa = PBXFileReference; fileEncoding = 4; lastKnownFileType = sourcecode.c.objc; path = RemindModeChooseVC.m; sourceTree = "<group>"; };
		4AF919021CA74456002BFF12 /* RemindModeChooseCell.h */ = {isa = PBXFileReference; fileEncoding = 4; lastKnownFileType = sourcecode.c.h; path = RemindModeChooseCell.h; sourceTree = "<group>"; };
		4AF919031CA74456002BFF12 /* RemindModeChooseCell.m */ = {isa = PBXFileReference; fileEncoding = 4; lastKnownFileType = sourcecode.c.objc; path = RemindModeChooseCell.m; sourceTree = "<group>"; };
		4AF919061CA8809F002BFF12 /* LoginVC.h */ = {isa = PBXFileReference; fileEncoding = 4; lastKnownFileType = sourcecode.c.h; path = LoginVC.h; sourceTree = "<group>"; };
		4AF919071CA8809F002BFF12 /* LoginVC.m */ = {isa = PBXFileReference; fileEncoding = 4; lastKnownFileType = sourcecode.c.objc; path = LoginVC.m; sourceTree = "<group>"; };
		640C26EC2089C43C666A53BB /* libPods.a */ = {isa = PBXFileReference; explicitFileType = archive.ar; includeInIndex = 0; path = libPods.a; sourceTree = BUILT_PRODUCTS_DIR; };
		6D2673CA96F7B03EE1014712 /* Pods.debug.xcconfig */ = {isa = PBXFileReference; includeInIndex = 1; lastKnownFileType = text.xcconfig; name = Pods.debug.xcconfig; path = "Pods/Target Support Files/Pods/Pods.debug.xcconfig"; sourceTree = "<group>"; };
		8689A8C37FE4BD16068DBCA7 /* Pods-GoDoTests.release.xcconfig */ = {isa = PBXFileReference; includeInIndex = 1; lastKnownFileType = text.xcconfig; name = "Pods-GoDoTests.release.xcconfig"; path = "Pods/Target Support Files/Pods-GoDoTests/Pods-GoDoTests.release.xcconfig"; sourceTree = "<group>"; };
		E72E51CDFFC69871C1738A6E /* Pods.release.xcconfig */ = {isa = PBXFileReference; includeInIndex = 1; lastKnownFileType = text.xcconfig; name = Pods.release.xcconfig; path = "Pods/Target Support Files/Pods/Pods.release.xcconfig"; sourceTree = "<group>"; };
/* End PBXFileReference section */

/* Begin PBXFrameworksBuildPhase section */
		4A88CB191C2B925E001C13D8 /* Frameworks */ = {
			isa = PBXFrameworksBuildPhase;
			buildActionMask = 2147483647;
			files = (
				4A12909A1C5E181F006E078B /* libz.tbd in Frameworks */,
				4A43AC351C3631A900347E3C /* libc++.tbd in Frameworks */,
				988604FC5CF4599DBC5A9AA9 /* libPods.a in Frameworks */,
			);
			runOnlyForDeploymentPostprocessing = 0;
		};
/* End PBXFrameworksBuildPhase section */

/* Begin PBXGroup section */
		4A1290811C5DD4E6006E078B /* WeekCollectionView */ = {
			isa = PBXGroup;
			children = (
				4A1290821C5DD4E6006E078B /* WeekCollectionView.h */,
				4A1290831C5DD4E6006E078B /* WeekCollectionView.m */,
				4A1290841C5DD4E6006E078B /* WeekCollectionViewCell.h */,
				4A1290851C5DD4E6006E078B /* WeekCollectionViewCell.m */,
			);
			path = WeekCollectionView;
			sourceTree = "<group>";
		};
		4A1290881C5DD4FF006E078B /* TodoCollectionView */ = {
			isa = PBXGroup;
			children = (
				4A24F3341CB84B1800234374 /* PopoverView.h */,
				4A24F3351CB84B1800234374 /* PopoverView.m */,
				4A1290891C5DD4FF006E078B /* TodoCollectionView.h */,
				4A12908A1C5DD4FF006E078B /* TodoCollectionView.m */,
				4A12908B1C5DD4FF006E078B /* TodoCollectionViewCell.h */,
				4A12908C1C5DD4FF006E078B /* TodoCollectionViewCell.m */,
				4A12908D1C5DD4FF006E078B /* TodoTableViewCell.h */,
				4A12908E1C5DD4FF006E078B /* TodoTableViewCell.m */,
			);
			path = TodoCollectionView;
			sourceTree = "<group>";
		};
		4A24F3651CBAE47200234374 /* CreateNewProject */ = {
			isa = PBXGroup;
			children = (
				4A24F37E1CBB047C00234374 /* ChoosePrivateTypeVC.h */,
				4A24F37F1CBB047C00234374 /* ChoosePrivateTypeVC.m */,
				4A24F3721CBAF1B300234374 /* AddNewProjectVC.h */,
				4A24F3731CBAF1B300234374 /* AddNewProjectVC.m */,
				4A24F36C1CBAE48900234374 /* AddProjectFooterView.h */,
				4A24F36D1CBAE48900234374 /* AddProjectFooterView.m */,
				4A24F3661CBAE47200234374 /* ChooseTypeColorVC.h */,
				4A24F3671CBAE47200234374 /* ChooseTypeColorVC.m */,
				4A24F3681CBAE47200234374 /* TypeColor.h */,
				4A24F3691CBAE47200234374 /* TypeColor.m */,
			);
			path = CreateNewProject;
			sourceTree = "<group>";
		};
		4A3FB5881C7B725500C0E6B7 /* ThirdFrameworks */ = {
			isa = PBXGroup;
			children = (
			);
			name = ThirdFrameworks;
			path = CalendarTodoList/ThirdFrameworks;
			sourceTree = "<group>";
		};
		4A4F9CB41C3F3E280000F24C /* calendarMonth */ = {
			isa = PBXGroup;
			children = (
				4A4F9CB51C3F3E280000F24C /* RDVCalendarDayCell.h */,
				4A4F9CB61C3F3E280000F24C /* RDVCalendarDayCell.m */,
				4A4F9CB71C3F3E280000F24C /* RDVCalendarView.h */,
				4A4F9CB81C3F3E280000F24C /* RDVCalendarView.m */,
				4AE23F5B1CAA9A4C00ABECAF /* WeekDayLabelView.h */,
				4AE23F5C1CAA9A4C00ABECAF /* WeekDayLabelView.m */,
				4A4F9CC51C3F3EEA0000F24C /* CalendarVC.h */,
				4A4F9CC61C3F3EEA0000F24C /* CalendarVC.m */,
			);
			path = calendarMonth;
			sourceTree = "<group>";
		};
		4A4F9CC11C3F3E330000F24C /* calendarDay */ = {
			isa = PBXGroup;
			children = (
				4A4F9CC21C3F3ECE0000F24C /* CalendarTodoDetailVC.h */,
				4A4F9CC31C3F3ECE0000F24C /* CalendarTodoDetailVC.m */,
				4A1290811C5DD4E6006E078B /* WeekCollectionView */,
				4A1290881C5DD4FF006E078B /* TodoCollectionView */,
				4A9ED9DD1C5FC42B00B46107 /* TodoDetail */,
			);
			path = calendarDay;
			sourceTree = "<group>";
		};
		4A88CB131C2B925E001C13D8 = {
			isa = PBXGroup;
			children = (
				4A88CB1E1C2B925F001C13D8 /* CalendarTodoList */,
				4A3FB5881C7B725500C0E6B7 /* ThirdFrameworks */,
				4A88CB1D1C2B925E001C13D8 /* Products */,
				5AD3F6B00E743D84CCA1C8D3 /* Frameworks */,
				D018B6CA0A58D6085D0170EF /* Pods */,
			);
			sourceTree = "<group>";
		};
		4A88CB1D1C2B925E001C13D8 /* Products */ = {
			isa = PBXGroup;
			children = (
				4A88CB1C1C2B925E001C13D8 /* GoDo.app */,
			);
			name = Products;
			sourceTree = "<group>";
		};
		4A88CB1E1C2B925F001C13D8 /* CalendarTodoList */ = {
			isa = PBXGroup;
			children = (
				4A88CB221C2B925F001C13D8 /* AppDelegate.h */,
				4A88CB231C2B925F001C13D8 /* AppDelegate.m */,
				4AF086091CABFD9D00138097 /* Network */,
				4AF919051CA8803C002BFF12 /* Account */,
				4AA3934B1C58AC1D00DA3C16 /* CoreManage */,
				4A4F9CB41C3F3E280000F24C /* calendarMonth */,
				4A4F9CC11C3F3E330000F24C /* calendarDay */,
				4AF086051CABF15100138097 /* Project */,
				4ADA1D9C1C3E496D001ECBF4 /* Extends */,
				4ADA1D901C3E478C001ECBF4 /* images */,
				4A88CB1F1C2B925F001C13D8 /* Supporting Files */,
			);
			path = CalendarTodoList;
			sourceTree = "<group>";
		};
		4A88CB1F1C2B925F001C13D8 /* Supporting Files */ = {
			isa = PBXGroup;
			children = (
				4A88CB2B1C2B925F001C13D8 /* Assets.xcassets */,
				4A88CB201C2B925F001C13D8 /* main.m */,
				4A88CB691C2BBC9F001C13D8 /* PrefixHeader.pch */,
				4A88CB301C2B925F001C13D8 /* Info.plist */,
			);
			name = "Supporting Files";
			sourceTree = "<group>";
		};
		4A9ED9DD1C5FC42B00B46107 /* TodoDetail */ = {
			isa = PBXGroup;
			children = (
				4A9FC1B51C699FAE00A1D888 /* ToDoDetailVC */,
				4AB09F071C62E86C006EB837 /* ChooseProjectTableCell.h */,
				4AB09F081C62E86C006EB837 /* ChooseProjectTableCell.m */,
				4AB09F041C62E396006EB837 /* ChooseProjectVC.h */,
				4AB09F051C62E396006EB837 /* ChooseProjectVC.m */,
			);
			path = TodoDetail;
			sourceTree = "<group>";
		};
		4A9FC1B51C699FAE00A1D888 /* ToDoDetailVC */ = {
			isa = PBXGroup;
			children = (
				4A9FC1B61C699FAE00A1D888 /* TodoContentView.h */,
				4A9FC1B71C699FAE00A1D888 /* TodoContentView.m */,
				4A9FC1BA1C699FAE00A1D888 /* TodoProjectView.h */,
				4A9FC1BB1C699FAE00A1D888 /* TodoProjectView.m */,
				4AF11FF61C6B1206007DC614 /* ChooseModeCell.h */,
				4AF11FF71C6B1206007DC614 /* ChooseModeCell.m */,
				4A9FC1BF1C69A30E00A1D888 /* DatePickerCell.h */,
				4A9FC1C01C69A30E00A1D888 /* DatePickerCell.m */,
				4A0441CB1C89A397005E23D9 /* RepeatModeCell.h */,
				4A0441CC1C89A397005E23D9 /* RepeatModeCell.m */,
				4A0441CE1C89A82F005E23D9 /* RepeateModeChooseVC.h */,
				4A0441CF1C89A82F005E23D9 /* RepeateModeChooseVC.m */,
				4A0441D11C89AAA3005E23D9 /* RepeatModeChooseCell.h */,
				4A0441D21C89AAA3005E23D9 /* RepeatModeChooseCell.m */,
				4AF918FC1CA74197002BFF12 /* RemindModeCell.h */,
				4AF918FD1CA74197002BFF12 /* RemindModeCell.m */,
				4AF918FF1CA7435E002BFF12 /* RemindModeChooseVC.h */,
				4AF919001CA7435E002BFF12 /* RemindModeChooseVC.m */,
				4AF919021CA74456002BFF12 /* RemindModeChooseCell.h */,
				4AF919031CA74456002BFF12 /* RemindModeChooseCell.m */,
				4A95AA0F1C71702F00DFB118 /* DeleteTodoCell.h */,
				4A95AA101C71702F00DFB118 /* DeleteTodoCell.m */,
				4A9FC1B81C699FAE00A1D888 /* TodoDetailVC.h */,
				4A9FC1B91C699FAE00A1D888 /* TodoDetailVC.m */,
			);
			path = ToDoDetailVC;
			sourceTree = "<group>";
		};
		4AA3934B1C58AC1D00DA3C16 /* CoreManage */ = {
			isa = PBXGroup;
			children = (
				4AEB37361C599EFC007C9F92 /* CoreModel */,
				4AA393521C58AC6D00DA3C16 /* DBManage.h */,
				4AA393531C58AC6D00DA3C16 /* DBManage.m */,
				4AF34A1E1C74ADAC00004EC4 /* UserDefaultManage.h */,
				4AF34A1F1C74ADAC00004EC4 /* UserDefaultManage.m */,
				4AD3DD2A1CAFF1AB00D5FDC4 /* NYProgressHUD.h */,
				4AD3DD2B1CAFF1AB00D5FDC4 /* NYProgressHUD.m */,
				4AA3934E1C58AC2E00DA3C16 /* MainTabBarVC.h */,
				4AA3934F1C58AC2E00DA3C16 /* MainTabBarVC.m */,
				4AA3934C1C58AC2E00DA3C16 /* BaseNavigationController.h */,
				4AA3934D1C58AC2E00DA3C16 /* BaseNavigationController.m */,
			);
			path = CoreManage;
			sourceTree = "<group>";
		};
		4AD3DD161CAF407B00D5FDC4 /* Request */ = {
			isa = PBXGroup;
			children = (
				4AD3DD171CAF409200D5FDC4 /* LogInAPI.h */,
				4AD3DD181CAF409200D5FDC4 /* LogInAPI.m */,
				4AD3DD191CAF409200D5FDC4 /* RegistAPI.h */,
				4AD3DD1A1CAF409200D5FDC4 /* RegistAPI.m */,
				4AD3DD391CB1A88A00D5FDC4 /* ResetAPI.h */,
				4AD3DD3A1CB1A88A00D5FDC4 /* ResetAPI.m */,
				4AD3DD2D1CB03DF900D5FDC4 /* SendVerifyCodeAPI.h */,
				4AD3DD2E1CB03DF900D5FDC4 /* SendVerifyCodeAPI.m */,
				4A21994E1CB56DD900E37719 /* GetProjectAPI.h */,
				4A21994F1CB56DD900E37719 /* GetProjectAPI.m */,
				4A2199511CB572B700E37719 /* CreateTodoAPI.h */,
				4A2199521CB572B700E37719 /* CreateTodoAPI.m */,
				4A2199541CB577DF00E37719 /* UpdateTodoAPI.h */,
				4A2199551CB577DF00E37719 /* UpdateTodoAPI.m */,
				4A2199571CB579E700E37719 /* deleteTodoAPI.h */,
				4A2199581CB579E700E37719 /* deleteTodoAPI.m */,
				4A24F3371CB9CB4E00234374 /* SearchUserAPI.h */,
				4A24F3381CB9CB4E00234374 /* SearchUserAPI.m */,
				4A24F36F1CBAE56600234374 /* CreateProjectAPI.h */,
				4A24F3701CBAE56600234374 /* CreateProjectAPI.m */,
			);
			path = Request;
			sourceTree = "<group>";
		};
		4AD3DD1D1CAF40A100D5FDC4 /* Model */ = {
			isa = PBXGroup;
			children = (
				4A24F33A1CB9CBF800234374 /* BaseModel.h */,
				4A24F33B1CB9CBF800234374 /* BaseModel.m */,
				4A3EE6CC1CB51A3100AFC8A4 /* UserModel.h */,
				4A3EE6CD1CB51A3100AFC8A4 /* UserModel.m */,
				4A3EE6CF1CB51BF600AFC8A4 /* ProjectModel.h */,
				4A3EE6D01CB51BF600AFC8A4 /* ProjectModel.m */,
				4A3EE6D21CB51DB300AFC8A4 /* MissionModel.h */,
				4A3EE6D31CB51DB300AFC8A4 /* MissionModel.m */,
				4A3EE6D51CB5207100AFC8A4 /* TodoModel.h */,
				4A3EE6D61CB5207100AFC8A4 /* TodoModel.m */,
				4A24F3751CBAFA1000234374 /* SearchUserModel.h */,
				4A24F3761CBAFA1000234374 /* SearchUserModel.m */,
				4A24F3781CBAFA4200234374 /* GetProjectModel.h */,
				4A24F3791CBAFA4200234374 /* GetProjectModel.m */,
				4A24F37B1CBAFA6700234374 /* LoginTokenModel.h */,
				4A24F37C1CBAFA6700234374 /* LoginTokenModel.m */,
				4A24F3811CBBBAEF00234374 /* CreateProjectModel.h */,
				4A24F3821CBBBAEF00234374 /* CreateProjectModel.m */,
			);
			name = Model;
			path = Request/Model;
			sourceTree = "<group>";
		};
		4ADA1D901C3E478C001ECBF4 /* images */ = {
			isa = PBXGroup;
			children = (
				4AF086001CABDCB200138097 /* login_background.png */,
				4AEAE9A11C84A804009F814E /* check.png */,
				4A3FB5AF1C7B78CD00C0E6B7 /* AlbumAddBtn@2x.png */,
				4ADA1D911C3E478C001ECBF4 /* ico_nav_back@2x.png */,
				4ADA1D921C3E478C001ECBF4 /* ico_nav_back@3x.png */,
				4ADA1D931C3E478C001ECBF4 /* ico_nav_back_white@2x.png */,
				4ADA1D941C3E478C001ECBF4 /* ico_nav_back_white@3x.png */,
			);
			path = images;
			sourceTree = "<group>";
		};
		4ADA1D9C1C3E496D001ECBF4 /* Extends */ = {
			isa = PBXGroup;
			children = (
				4ABB608E1C7CE3C60040079C /* ZoomImageView.h */,
				4ABB608F1C7CE3C60040079C /* ZoomImageView.m */,
				4ADA1D9D1C3E496D001ECBF4 /* GradientView.h */,
				4ADA1D9E1C3E496D001ECBF4 /* GradientView.m */,
				4ADA1DA11C3E496D001ECBF4 /* UILabelZoomable.h */,
				4ADA1DA21C3E496D001ECBF4 /* UILabelZoomable.m */,
				4ADA1DA91C3E4992001ECBF4 /* UIImage+ZZExtends.h */,
				4ADA1DAA1C3E4992001ECBF4 /* UIImage+ZZExtends.m */,
				4ADA1D9F1C3E496D001ECBF4 /* NSString+ZZExtends.h */,
				4ADA1DA01C3E496D001ECBF4 /* NSString+ZZExtends.m */,
				4ADA1DAB1C3E4992001ECBF4 /* UINavigationBar+ZZExtends.h */,
				4ADA1DAC1C3E4992001ECBF4 /* UINavigationBar+ZZExtends.m */,
				4ADA1DA31C3E496D001ECBF4 /* UIViewController+ZZExtends.h */,
				4ADA1DA41C3E496D001ECBF4 /* UIViewController+ZZExtends.m */,
				4A84C8721C43DF3F00F83C5B /* NSObject+NYExtends.h */,
				4A84C8731C43DF3F00F83C5B /* NSObject+NYExtends.m */,
			);
			path = Extends;
			sourceTree = "<group>";
		};
		4AEB37361C599EFC007C9F92 /* CoreModel */ = {
			isa = PBXGroup;
			children = (
				4AEF61461C94EDAC00236F6F /* FMDayList.h */,
				4AEF61471C94EDAC00236F6F /* FMDayList.m */,
				4AEF61491C94EE5000236F6F /* FMTodoModel.h */,
				4AEF614A1C94EE5000236F6F /* FMTodoModel.m */,
				4AEF614C1C94EECB00236F6F /* FMTodoImage.h */,
				4AEF614D1C94EECB00236F6F /* FMTodoImage.m */,
			);
			path = CoreModel;
			sourceTree = "<group>";
		};
		4AF086051CABF15100138097 /* Project */ = {
			isa = PBXGroup;
			children = (
				4A24F3651CBAE47200234374 /* CreateNewProject */,
				4A24F3591CBAC0B600234374 /* ProjectCell.h */,
				4A24F35A1CBAC0B600234374 /* ProjectCell.m */,
				4AF086061CABF16300138097 /* ProjectVC.h */,
				4AF086071CABF16300138097 /* ProjectVC.m */,
			);
			path = Project;
			sourceTree = "<group>";
		};
		4AF086091CABFD9D00138097 /* Network */ = {
			isa = PBXGroup;
			children = (
				4AD3DD161CAF407B00D5FDC4 /* Request */,
				4AD3DD1D1CAF40A100D5FDC4 /* Model */,
			);
			name = Network;
			path = Account/Network;
			sourceTree = "<group>";
		};
		4AF919051CA8803C002BFF12 /* Account */ = {
			isa = PBXGroup;
			children = (
				4AD3DD361CB15F0C00D5FDC4 /* ResetView.h */,
				4AD3DD371CB15F0C00D5FDC4 /* ResetView.m */,
				4AF086021CABDCD600138097 /* LoginView.h */,
				4AF086031CABDCD600138097 /* LoginView.m */,
				4AD3DD301CB11E6A00D5FDC4 /* SignupView.h */,
				4AD3DD311CB11E6A00D5FDC4 /* SignupView.m */,
				4AD3DD331CB15B5200D5FDC4 /* VerifyCodeButton.h */,
				4AD3DD341CB15B5200D5FDC4 /* VerifyCodeButton.m */,
				4AF919061CA8809F002BFF12 /* LoginVC.h */,
				4AF919071CA8809F002BFF12 /* LoginVC.m */,
			);
			path = Account;
			sourceTree = "<group>";
		};
		5AD3F6B00E743D84CCA1C8D3 /* Frameworks */ = {
			isa = PBXGroup;
			children = (
				4A1290991C5E181F006E078B /* libz.tbd */,
				4A1290961C5E1766006E078B /* Reveal.framework */,
				4A43AC341C3631A900347E3C /* libc++.tbd */,
				640C26EC2089C43C666A53BB /* libPods.a */,
				42CABD3579D75749C9E0A8B1 /* libPods-GoDoTests.a */,
			);
			name = Frameworks;
			sourceTree = "<group>";
		};
		D018B6CA0A58D6085D0170EF /* Pods */ = {
			isa = PBXGroup;
			children = (
				6D2673CA96F7B03EE1014712 /* Pods.debug.xcconfig */,
				E72E51CDFFC69871C1738A6E /* Pods.release.xcconfig */,
				30BC7EF857E7127AEAA836B5 /* Pods-GoDoTests.debug.xcconfig */,
				8689A8C37FE4BD16068DBCA7 /* Pods-GoDoTests.release.xcconfig */,
			);
			name = Pods;
			sourceTree = "<group>";
		};
/* End PBXGroup section */

/* Begin PBXNativeTarget section */
		4A88CB1B1C2B925E001C13D8 /* GoDo */ = {
			isa = PBXNativeTarget;
			buildConfigurationList = 4A88CB491C2B925F001C13D8 /* Build configuration list for PBXNativeTarget "GoDo" */;
			buildPhases = (
				8EF27933C2677C430359FB56 /* Check Pods Manifest.lock */,
				4A88CB181C2B925E001C13D8 /* Sources */,
				4A88CB191C2B925E001C13D8 /* Frameworks */,
				4A88CB1A1C2B925E001C13D8 /* Resources */,
				27208CB8D47B379D82884029 /* Embed Pods Frameworks */,
				5B815B4E3F3C5E0697429EC6 /* Copy Pods Resources */,
			);
			buildRules = (
			);
			dependencies = (
			);
			name = GoDo;
			productName = CalendarTodoList;
			productReference = 4A88CB1C1C2B925E001C13D8 /* GoDo.app */;
			productType = "com.apple.product-type.application";
		};
/* End PBXNativeTarget section */

/* Begin PBXProject section */
		4A88CB141C2B925E001C13D8 /* Project object */ = {
			isa = PBXProject;
			attributes = {
				LastUpgradeCheck = 0720;
				ORGANIZATIONNAME = "牛严";
				TargetAttributes = {
					4A88CB1B1C2B925E001C13D8 = {
						CreatedOnToolsVersion = 7.2;
						DevelopmentTeam = C4Q55SNFQ6;
					};
				};
			};
			buildConfigurationList = 4A88CB171C2B925E001C13D8 /* Build configuration list for PBXProject "GoDo" */;
			compatibilityVersion = "Xcode 3.2";
			developmentRegion = English;
			hasScannedForEncodings = 0;
			knownRegions = (
				en,
				Base,
			);
			mainGroup = 4A88CB131C2B925E001C13D8;
			productRefGroup = 4A88CB1D1C2B925E001C13D8 /* Products */;
			projectDirPath = "";
			projectRoot = "";
			targets = (
				4A88CB1B1C2B925E001C13D8 /* GoDo */,
			);
		};
/* End PBXProject section */

/* Begin PBXResourcesBuildPhase section */
		4A88CB1A1C2B925E001C13D8 /* Resources */ = {
			isa = PBXResourcesBuildPhase;
			buildActionMask = 2147483647;
			files = (
				4A88CB2C1C2B925F001C13D8 /* Assets.xcassets in Resources */,
				4ADA1D971C3E478C001ECBF4 /* ico_nav_back_white@2x.png in Resources */,
				4AEAE9A21C84A804009F814E /* check.png in Resources */,
				4ADA1D951C3E478C001ECBF4 /* ico_nav_back@2x.png in Resources */,
				4ADA1D961C3E478C001ECBF4 /* ico_nav_back@3x.png in Resources */,
				4ADA1D981C3E478C001ECBF4 /* ico_nav_back_white@3x.png in Resources */,
				4A3FB5B01C7B78CD00C0E6B7 /* AlbumAddBtn@2x.png in Resources */,
				4AF086011CABDCB200138097 /* login_background.png in Resources */,
			);
			runOnlyForDeploymentPostprocessing = 0;
		};
/* End PBXResourcesBuildPhase section */

/* Begin PBXShellScriptBuildPhase section */
		27208CB8D47B379D82884029 /* Embed Pods Frameworks */ = {
			isa = PBXShellScriptBuildPhase;
			buildActionMask = 2147483647;
			files = (
			);
			inputPaths = (
			);
			name = "Embed Pods Frameworks";
			outputPaths = (
			);
			runOnlyForDeploymentPostprocessing = 0;
			shellPath = /bin/sh;
			shellScript = "\"${SRCROOT}/Pods/Target Support Files/Pods/Pods-frameworks.sh\"\n";
			showEnvVarsInLog = 0;
		};
		5B815B4E3F3C5E0697429EC6 /* Copy Pods Resources */ = {
			isa = PBXShellScriptBuildPhase;
			buildActionMask = 2147483647;
			files = (
			);
			inputPaths = (
			);
			name = "Copy Pods Resources";
			outputPaths = (
			);
			runOnlyForDeploymentPostprocessing = 0;
			shellPath = /bin/sh;
			shellScript = "\"${SRCROOT}/Pods/Target Support Files/Pods/Pods-resources.sh\"\n";
			showEnvVarsInLog = 0;
		};
		8EF27933C2677C430359FB56 /* Check Pods Manifest.lock */ = {
			isa = PBXShellScriptBuildPhase;
			buildActionMask = 2147483647;
			files = (
			);
			inputPaths = (
			);
			name = "Check Pods Manifest.lock";
			outputPaths = (
			);
			runOnlyForDeploymentPostprocessing = 0;
			shellPath = /bin/sh;
			shellScript = "diff \"${PODS_ROOT}/../Podfile.lock\" \"${PODS_ROOT}/Manifest.lock\" > /dev/null\nif [[ $? != 0 ]] ; then\n    cat << EOM\nerror: The sandbox is not in sync with the Podfile.lock. Run 'pod install' or update your CocoaPods installation.\nEOM\n    exit 1\nfi\n";
			showEnvVarsInLog = 0;
		};
/* End PBXShellScriptBuildPhase section */

/* Begin PBXSourcesBuildPhase section */
		4A88CB181C2B925E001C13D8 /* Sources */ = {
			isa = PBXSourcesBuildPhase;
			buildActionMask = 2147483647;
			files = (
				4AF11FF81C6B1206007DC614 /* ChooseModeCell.m in Sources */,
				4ADA1DA51C3E496D001ECBF4 /* GradientView.m in Sources */,
				4A24F33C1CB9CBF800234374 /* BaseModel.m in Sources */,
				4A24F3801CBB047C00234374 /* ChoosePrivateTypeVC.m in Sources */,
				4AD3DD2F1CB03DF900D5FDC4 /* SendVerifyCodeAPI.m in Sources */,
				4AF919081CA8809F002BFF12 /* LoginVC.m in Sources */,
				4AF34A201C74ADAC00004EC4 /* UserDefaultManage.m in Sources */,
				4AEF614E1C94EECB00236F6F /* FMTodoImage.m in Sources */,
				4A4F9CBD1C3F3E280000F24C /* RDVCalendarDayCell.m in Sources */,
				4A84C8741C43DF3F00F83C5B /* NSObject+NYExtends.m in Sources */,
				4AD3DD1C1CAF409200D5FDC4 /* RegistAPI.m in Sources */,
				4A1290901C5DD4FF006E078B /* TodoCollectionViewCell.m in Sources */,
				4AA393511C58AC2E00DA3C16 /* MainTabBarVC.m in Sources */,
				4A12908F1C5DD4FF006E078B /* TodoCollectionView.m in Sources */,
				4A4F9CBE1C3F3E280000F24C /* RDVCalendarView.m in Sources */,
				4AE23F5D1CAA9A4C00ABECAF /* WeekDayLabelView.m in Sources */,
				4A24F36B1CBAE47200234374 /* TypeColor.m in Sources */,
				4A3EE6CE1CB51A3100AFC8A4 /* UserModel.m in Sources */,
				4A1290911C5DD4FF006E078B /* TodoTableViewCell.m in Sources */,
				4A3EE6D11CB51BF600AFC8A4 /* ProjectModel.m in Sources */,
				4ADA1DAE1C3E4992001ECBF4 /* UINavigationBar+ZZExtends.m in Sources */,
				4ADA1DAD1C3E4992001ECBF4 /* UIImage+ZZExtends.m in Sources */,
				4A9FC1C11C69A30E00A1D888 /* DatePickerCell.m in Sources */,
				4A88CB241C2B925F001C13D8 /* AppDelegate.m in Sources */,
				4A4F9CC71C3F3EEA0000F24C /* CalendarVC.m in Sources */,
				4A9FC1BE1C699FAE00A1D888 /* TodoProjectView.m in Sources */,
				4A3EE6D71CB5207100AFC8A4 /* TodoModel.m in Sources */,
				4AEF614B1C94EE5000236F6F /* FMTodoModel.m in Sources */,
				4A88CB211C2B925F001C13D8 /* main.m in Sources */,
				4ADA1DA61C3E496D001ECBF4 /* NSString+ZZExtends.m in Sources */,
				4AA393541C58AC6D00DA3C16 /* DBManage.m in Sources */,
				4AF086081CABF16300138097 /* ProjectVC.m in Sources */,
				4A4F9CC41C3F3ECE0000F24C /* CalendarTodoDetailVC.m in Sources */,
				4A24F3771CBAFA1000234374 /* SearchUserModel.m in Sources */,
				4A9FC1BC1C699FAE00A1D888 /* TodoContentView.m in Sources */,
				4AF919011CA7435E002BFF12 /* RemindModeChooseVC.m in Sources */,
				4AB09F091C62E86C006EB837 /* ChooseProjectTableCell.m in Sources */,
				4A0441D31C89AAA3005E23D9 /* RepeatModeChooseCell.m in Sources */,
				4AB09F061C62E396006EB837 /* ChooseProjectVC.m in Sources */,
				4A24F3831CBBBAEF00234374 /* CreateProjectModel.m in Sources */,
				4A24F3361CB84B1800234374 /* PopoverView.m in Sources */,
				4A95AA111C71702F00DFB118 /* DeleteTodoCell.m in Sources */,
				4AD3DD351CB15B5200D5FDC4 /* VerifyCodeButton.m in Sources */,
				4AD3DD1B1CAF409200D5FDC4 /* LogInAPI.m in Sources */,
				4AA393501C58AC2E00DA3C16 /* BaseNavigationController.m in Sources */,
				4AF918FE1CA74197002BFF12 /* RemindModeCell.m in Sources */,
				4A24F35B1CBAC0B600234374 /* ProjectCell.m in Sources */,
				4A0441D01C89A82F005E23D9 /* RepeateModeChooseVC.m in Sources */,
				4A0441CD1C89A397005E23D9 /* RepeatModeCell.m in Sources */,
				4AD3DD381CB15F0C00D5FDC4 /* ResetView.m in Sources */,
				4A24F36A1CBAE47200234374 /* ChooseTypeColorVC.m in Sources */,
				4A2199591CB579E700E37719 /* deleteTodoAPI.m in Sources */,
				4ADA1DA81C3E496D001ECBF4 /* UIViewController+ZZExtends.m in Sources */,
				4A1290871C5DD4E6006E078B /* WeekCollectionViewCell.m in Sources */,
				4AF919041CA74456002BFF12 /* RemindModeChooseCell.m in Sources */,
				4AD3DD2C1CAFF1AB00D5FDC4 /* NYProgressHUD.m in Sources */,
				4A24F37A1CBAFA4200234374 /* GetProjectModel.m in Sources */,
				4AD3DD3B1CB1A88A00D5FDC4 /* ResetAPI.m in Sources */,
				4A24F3741CBAF1B300234374 /* AddNewProjectVC.m in Sources */,
				4A24F3711CBAE56600234374 /* CreateProjectAPI.m in Sources */,
				4A2199501CB56DD900E37719 /* GetProjectAPI.m in Sources */,
				4A3EE6D41CB51DB300AFC8A4 /* MissionModel.m in Sources */,
				4AF086041CABDCD600138097 /* LoginView.m in Sources */,
				4ABB60901C7CE3C60040079C /* ZoomImageView.m in Sources */,
				4A24F36E1CBAE48900234374 /* AddProjectFooterView.m in Sources */,
				4ADA1DA71C3E496D001ECBF4 /* UILabelZoomable.m in Sources */,
				4A9FC1BD1C699FAE00A1D888 /* TodoDetailVC.m in Sources */,
				4AD3DD321CB11E6A00D5FDC4 /* SignupView.m in Sources */,
				4A24F3391CB9CB4E00234374 /* SearchUserAPI.m in Sources */,
				4AEF61481C94EDAC00236F6F /* FMDayList.m in Sources */,
				4A2199561CB577DF00E37719 /* UpdateTodoAPI.m in Sources */,
				4A2199531CB572B700E37719 /* CreateTodoAPI.m in Sources */,
				4A1290861C5DD4E6006E078B /* WeekCollectionView.m in Sources */,
				4A24F37D1CBAFA6700234374 /* LoginTokenModel.m in Sources */,
			);
			runOnlyForDeploymentPostprocessing = 0;
		};
/* End PBXSourcesBuildPhase section */

/* Begin XCBuildConfiguration section */
		4A88CB471C2B925F001C13D8 /* Debug */ = {
			isa = XCBuildConfiguration;
			buildSettings = {
				ALWAYS_SEARCH_USER_PATHS = NO;
				CLANG_CXX_LANGUAGE_STANDARD = "gnu++0x";
				CLANG_CXX_LIBRARY = "libc++";
				CLANG_ENABLE_MODULES = YES;
				CLANG_ENABLE_OBJC_ARC = YES;
				CLANG_WARN_BOOL_CONVERSION = YES;
				CLANG_WARN_CONSTANT_CONVERSION = YES;
				CLANG_WARN_DIRECT_OBJC_ISA_USAGE = YES_ERROR;
				CLANG_WARN_EMPTY_BODY = YES;
				CLANG_WARN_ENUM_CONVERSION = YES;
				CLANG_WARN_INT_CONVERSION = YES;
				CLANG_WARN_OBJC_ROOT_CLASS = YES_ERROR;
				CLANG_WARN_UNREACHABLE_CODE = YES;
				CLANG_WARN__DUPLICATE_METHOD_MATCH = YES;
				CODE_SIGN_IDENTITY = "iPhone Developer: YAN NIU (A2B5YG477X)";
				"CODE_SIGN_IDENTITY[sdk=iphoneos*]" = "iPhone Developer: YAN NIU (A2B5YG477X)";
				COPY_PHASE_STRIP = NO;
				DEBUG_INFORMATION_FORMAT = dwarf;
				ENABLE_STRICT_OBJC_MSGSEND = YES;
				ENABLE_TESTABILITY = YES;
				GCC_C_LANGUAGE_STANDARD = gnu99;
				GCC_DYNAMIC_NO_PIC = NO;
				GCC_NO_COMMON_BLOCKS = YES;
				GCC_OPTIMIZATION_LEVEL = 0;
				GCC_PREPROCESSOR_DEFINITIONS = (
					"DEBUG=1",
					"$(inherited)",
				);
				GCC_WARN_64_TO_32_BIT_CONVERSION = YES;
				GCC_WARN_ABOUT_RETURN_TYPE = YES_ERROR;
				GCC_WARN_UNDECLARED_SELECTOR = YES;
				GCC_WARN_UNINITIALIZED_AUTOS = YES_AGGRESSIVE;
				GCC_WARN_UNUSED_FUNCTION = YES;
				GCC_WARN_UNUSED_VARIABLE = YES;
				IPHONEOS_DEPLOYMENT_TARGET = 9.2;
				MTL_ENABLE_DEBUG_INFO = YES;
				ONLY_ACTIVE_ARCH = YES;
				PROVISIONING_PROFILE = "7b054263-2cce-415a-bd2c-9a5d5c4ee035";
				SDKROOT = iphoneos;
			};
			name = Debug;
		};
		4A88CB481C2B925F001C13D8 /* Release */ = {
			isa = XCBuildConfiguration;
			buildSettings = {
				ALWAYS_SEARCH_USER_PATHS = NO;
				CLANG_CXX_LANGUAGE_STANDARD = "gnu++0x";
				CLANG_CXX_LIBRARY = "libc++";
				CLANG_ENABLE_MODULES = YES;
				CLANG_ENABLE_OBJC_ARC = YES;
				CLANG_WARN_BOOL_CONVERSION = YES;
				CLANG_WARN_CONSTANT_CONVERSION = YES;
				CLANG_WARN_DIRECT_OBJC_ISA_USAGE = YES_ERROR;
				CLANG_WARN_EMPTY_BODY = YES;
				CLANG_WARN_ENUM_CONVERSION = YES;
				CLANG_WARN_INT_CONVERSION = YES;
				CLANG_WARN_OBJC_ROOT_CLASS = YES_ERROR;
				CLANG_WARN_UNREACHABLE_CODE = YES;
				CLANG_WARN__DUPLICATE_METHOD_MATCH = YES;
				CODE_SIGN_IDENTITY = "iPhone Developer: YAN NIU (A2B5YG477X)";
				"CODE_SIGN_IDENTITY[sdk=iphoneos*]" = "iPhone Developer: YAN NIU (A2B5YG477X)";
				COPY_PHASE_STRIP = NO;
				DEBUG_INFORMATION_FORMAT = "dwarf-with-dsym";
				ENABLE_NS_ASSERTIONS = NO;
				ENABLE_STRICT_OBJC_MSGSEND = YES;
				GCC_C_LANGUAGE_STANDARD = gnu99;
				GCC_NO_COMMON_BLOCKS = YES;
				GCC_WARN_64_TO_32_BIT_CONVERSION = YES;
				GCC_WARN_ABOUT_RETURN_TYPE = YES_ERROR;
				GCC_WARN_UNDECLARED_SELECTOR = YES;
				GCC_WARN_UNINITIALIZED_AUTOS = YES_AGGRESSIVE;
				GCC_WARN_UNUSED_FUNCTION = YES;
				GCC_WARN_UNUSED_VARIABLE = YES;
				IPHONEOS_DEPLOYMENT_TARGET = 9.2;
				MTL_ENABLE_DEBUG_INFO = NO;
				PROVISIONING_PROFILE = "7b054263-2cce-415a-bd2c-9a5d5c4ee035";
				SDKROOT = iphoneos;
				VALIDATE_PRODUCT = YES;
			};
			name = Release;
		};
		4A88CB4A1C2B925F001C13D8 /* Debug */ = {
			isa = XCBuildConfiguration;
			baseConfigurationReference = 6D2673CA96F7B03EE1014712 /* Pods.debug.xcconfig */;
			buildSettings = {
				ASSETCATALOG_COMPILER_APPICON_NAME = AppIcon;
				CODE_SIGN_IDENTITY = "iPhone Developer";
				"CODE_SIGN_IDENTITY[sdk=iphoneos*]" = "iPhone Developer";
				ENABLE_BITCODE = YES;
				FRAMEWORK_SEARCH_PATHS = (
					"$(inherited)",
					"$(PROJECT_DIR)",
				);
				GCC_PRECOMPILE_PREFIX_HEADER = YES;
				GCC_PREFIX_HEADER = CalendarTodoList/PrefixHeader.pch;
				INFOPLIST_FILE = CalendarTodoList/Info.plist;
				IPHONEOS_DEPLOYMENT_TARGET = 9.0;
				LD_RUNPATH_SEARCH_PATHS = "$(inherited) @executable_path/Frameworks";
				LIBRARY_SEARCH_PATHS = (
					"$(inherited)",
					"$(PROJECT_DIR)",
				);
				OTHER_LDFLAGS = (
					"$(inherited)",
					"-ObjC",
					"-l\"Masonry\"",
					"-l\"c++\"",
					"-framework",
					"\"AssetsLibrary\"",
					"-framework",
					"\"UIKit\"",
					"-weak_framework",
					"\"MapKit\"",
					"-weak_framework",
					"\"Photos\"",
				);
				PRODUCT_BUNDLE_IDENTIFIER = tech.niuyan.GoToDo;
				PRODUCT_NAME = GoDo;
				PROVISIONING_PROFILE = "";
				VALID_ARCHS = "arm64 armv7 armv7s";
			};
			name = Debug;
		};
		4A88CB4B1C2B925F001C13D8 /* Release */ = {
			isa = XCBuildConfiguration;
			baseConfigurationReference = E72E51CDFFC69871C1738A6E /* Pods.release.xcconfig */;
			buildSettings = {
				ASSETCATALOG_COMPILER_APPICON_NAME = AppIcon;
				CODE_SIGN_IDENTITY = "iPhone Developer";
				"CODE_SIGN_IDENTITY[sdk=iphoneos*]" = "iPhone Developer";
				ENABLE_BITCODE = YES;
				FRAMEWORK_SEARCH_PATHS = (
					"$(inherited)",
					"$(PROJECT_DIR)",
				);
				GCC_PRECOMPILE_PREFIX_HEADER = YES;
				GCC_PREFIX_HEADER = CalendarTodoList/PrefixHeader.pch;
				INFOPLIST_FILE = CalendarTodoList/Info.plist;
				IPHONEOS_DEPLOYMENT_TARGET = 9.0;
				LD_RUNPATH_SEARCH_PATHS = "$(inherited) @executable_path/Frameworks";
				LIBRARY_SEARCH_PATHS = (
					"$(inherited)",
					"$(PROJECT_DIR)",
				);
				OTHER_LDFLAGS = (
					"$(inherited)",
					"-ObjC",
					"-l\"Masonry\"",
					"-l\"c++\"",
					"-framework",
					"\"AssetsLibrary\"",
					"-framework",
					"\"UIKit\"",
					"-weak_framework",
					"\"MapKit\"",
					"-weak_framework",
					"\"Photos\"",
				);
				PRODUCT_BUNDLE_IDENTIFIER = tech.niuyan.GoToDo;
				PRODUCT_NAME = GoDo;
				PROVISIONING_PROFILE = "";
				VALID_ARCHS = "arm64 armv7 armv7s";
			};
			name = Release;
		};
/* End XCBuildConfiguration section */

/* Begin XCConfigurationList section */
		4A88CB171C2B925E001C13D8 /* Build configuration list for PBXProject "GoDo" */ = {
			isa = XCConfigurationList;
			buildConfigurations = (
				4A88CB471C2B925F001C13D8 /* Debug */,
				4A88CB481C2B925F001C13D8 /* Release */,
			);
			defaultConfigurationIsVisible = 0;
			defaultConfigurationName = Release;
		};
		4A88CB491C2B925F001C13D8 /* Build configuration list for PBXNativeTarget "GoDo" */ = {
			isa = XCConfigurationList;
			buildConfigurations = (
				4A88CB4A1C2B925F001C13D8 /* Debug */,
				4A88CB4B1C2B925F001C13D8 /* Release */,
			);
			defaultConfigurationIsVisible = 0;
			defaultConfigurationName = Release;
		};
/* End XCConfigurationList section */
	};
	rootObject = 4A88CB141C2B925E001C13D8 /* Project object */;
}
